PODS:
  - LazyProperty (1.1.0)
  - "NSString+Color (1.1.3)"

DEPENDENCIES:
  - LazyProperty
  - "NSString+Color"

SPEC REPOS:
  https://github.com/CocoaPods/Specs.git:
    - LazyProperty
    - "NSString+Color"

SPEC CHECKSUMS:
  LazyProperty: f48a27d1ded2b29771874d3b193fb9d41eae95e4
  "NSString+Color": 08fbd0b4cda31fd8602a5030f6bf1cedfed98203

PODFILE CHECKSUM: da4fe8d57558420c64da7bd826ddf7bd40be105f

COCOAPODS: 1.9.3
