<?xml version="1.0" encoding="UTF-8"?>
<!DOCTYPE plist PUBLIC "-//Apple//DTD PLIST 1.0//EN" "http://www.apple.com/DTDs/PropertyList-1.0.dtd">
<plist version="1.0">
<dict>
	<key>archiveVersion</key>
	<string>1</string>
	<key>classes</key>
	<dict/>
	<key>objectVersion</key>
	<string>46</string>
	<key>objects</key>
	<dict>
		<key>17B85795BD5D4A4195265653</key>
		<dict>
			<key>explicitFileType</key>
			<string>archive.ar</string>
			<key>includeInIndex</key>
			<string>0</string>
			<key>isa</key>
			<string>PBXFileReference</string>
			<key>path</key>
			<string>libPods.a</string>
			<key>sourceTree</key>
			<string>BUILT_PRODUCTS_DIR</string>
		</dict>
		<key>4987DEF503902DACA3129A7C</key>
		<dict>
			<key>buildActionMask</key>
			<string>2147483647</string>
			<key>files</key>
			<array/>
			<key>inputPaths</key>
			<array/>
			<key>isa</key>
			<string>PBXShellScriptBuildPhase</string>
			<key>name</key>
			<string>Copy Pods Resources</string>
			<key>outputPaths</key>
			<array/>
			<key>runOnlyForDeploymentPostprocessing</key>
			<string>0</string>
			<key>shellPath</key>
			<string>/bin/sh</string>
			<key>shellScript</key>
			<string>"${SRCROOT}/Pods/Target Support Files/Pods/Pods-resources.sh"
</string>
			<key>showEnvVarsInLog</key>
			<string>0</string>
		</dict>
		<key>5C1BA2E419BF45BD00E3D67C</key>
		<dict>
			<key>isa</key>
			<string>PBXFileReference</string>
			<key>lastKnownFileType</key>
			<string>sourcecode.c.h</string>
			<key>name</key>
			<string>GONMarkupParser_Categories.h</string>
			<key>path</key>
			<string>../Classes/GONMarkupParser_Categories.h</string>
			<key>sourceTree</key>
			<string>&lt;group&gt;</string>
		</dict>
		<key>5C1D1C2C19920D7100F7B642</key>
		<dict>
			<key>fileEncoding</key>
			<string>4</string>
			<key>isa</key>
			<string>PBXFileReference</string>
			<key>lastKnownFileType</key>
			<string>sourcecode.c.h</string>
			<key>name</key>
			<string>GONMarkupParagrap.h</string>
			<key>path</key>
			<string>../Classes/GONMarkupParagrap.h</string>
			<key>sourceTree</key>
			<string>&lt;group&gt;</string>
		</dict>
		<key>5C1D1C2D19920D7100F7B642</key>
		<dict>
			<key>fileEncoding</key>
			<string>4</string>
			<key>isa</key>
			<string>PBXFileReference</string>
			<key>lastKnownFileType</key>
			<string>sourcecode.c.objc</string>
			<key>name</key>
			<string>GONMarkupParagrap.m</string>
			<key>path</key>
			<string>../Classes/GONMarkupParagrap.m</string>
			<key>sourceTree</key>
			<string>&lt;group&gt;</string>
		</dict>
		<key>5C1D1C2E19920D7100F7B642</key>
		<dict>
			<key>fileRef</key>
			<string>5C1D1C2D19920D7100F7B642</string>
			<key>isa</key>
			<string>PBXBuildFile</string>
		</dict>
		<key>5C2E11E21B8A146D0065D29C</key>
		<dict>
			<key>fileEncoding</key>
			<string>4</string>
			<key>isa</key>
			<string>PBXFileReference</string>
			<key>lastKnownFileType</key>
			<string>sourcecode.c.h</string>
			<key>name</key>
			<string>UIButton+GONMarkupParser.h</string>
			<key>path</key>
			<string>../Classes/UIButton+GONMarkupParser.h</string>
			<key>sourceTree</key>
			<string>&lt;group&gt;</string>
		</dict>
		<key>5C2E11E31B8A146D0065D29C</key>
		<dict>
			<key>fileEncoding</key>
			<string>4</string>
			<key>isa</key>
			<string>PBXFileReference</string>
			<key>lastKnownFileType</key>
			<string>sourcecode.c.objc</string>
			<key>name</key>
			<string>UIButton+GONMarkupParser.m</string>
			<key>path</key>
			<string>../Classes/UIButton+GONMarkupParser.m</string>
			<key>sourceTree</key>
			<string>&lt;group&gt;</string>
		</dict>
		<key>5C2E11E41B8A146D0065D29C</key>
		<dict>
			<key>fileRef</key>
			<string>5C2E11E31B8A146D0065D29C</string>
			<key>isa</key>
			<string>PBXBuildFile</string>
		</dict>
		<key>5C2E11E51B8A175F0065D29C</key>
		<dict>
			<key>isa</key>
			<string>PBXFileReference</string>
			<key>lastKnownFileType</key>
			<string>net.daringfireball.markdown</string>
			<key>name</key>
			<string>CHANGELOG.md</string>
			<key>path</key>
			<string>../CHANGELOG.md</string>
			<key>sourceTree</key>
			<string>&lt;group&gt;</string>
		</dict>
		<key>5C396DD01A80D80800AC8E45</key>
		<dict>
			<key>fileEncoding</key>
			<string>4</string>
			<key>isa</key>
			<string>PBXFileReference</string>
			<key>lastKnownFileType</key>
			<string>sourcecode.c.h</string>
			<key>name</key>
			<string>GONMarkupLineStyle.h</string>
			<key>path</key>
			<string>../Classes/GONMarkupLineStyle.h</string>
			<key>sourceTree</key>
			<string>&lt;group&gt;</string>
		</dict>
		<key>5C396DD11A80D80800AC8E45</key>
		<dict>
			<key>fileEncoding</key>
			<string>4</string>
			<key>isa</key>
			<string>PBXFileReference</string>
			<key>lastKnownFileType</key>
			<string>sourcecode.c.objc</string>
			<key>name</key>
			<string>GONMarkupLineStyle.m</string>
			<key>path</key>
			<string>../Classes/GONMarkupLineStyle.m</string>
			<key>sourceTree</key>
			<string>&lt;group&gt;</string>
		</dict>
		<key>5C396DD21A80D80800AC8E45</key>
		<dict>
			<key>fileRef</key>
			<string>5C396DD11A80D80800AC8E45</string>
			<key>isa</key>
			<string>PBXBuildFile</string>
		</dict>
		<key>5C396DD31A80D80800AC8E45</key>
		<dict>
			<key>fileRef</key>
			<string>5C396DD11A80D80800AC8E45</string>
			<key>isa</key>
			<string>PBXBuildFile</string>
		</dict>
		<key>5C404BC91A1C90E0007DCB2C</key>
		<dict>
			<key>children</key>
			<array>
				<string>5C404BCA1A1C9115007DCB2C</string>
				<string>5C404BCB1A1C9115007DCB2C</string>
				<string>5C404BCF1A1C951F007DCB2C</string>
			</array>
			<key>isa</key>
			<string>PBXGroup</string>
			<key>name</key>
			<string>DefaultConfiguration</string>
			<key>sourceTree</key>
			<string>&lt;group&gt;</string>
		</dict>
		<key>5C404BCA1A1C9115007DCB2C</key>
		<dict>
			<key>fileEncoding</key>
			<string>4</string>
			<key>isa</key>
			<string>PBXFileReference</string>
			<key>lastKnownFileType</key>
			<string>sourcecode.c.h</string>
			<key>path</key>
			<string>DefaultConfigurationViewController.h</string>
			<key>sourceTree</key>
			<string>&lt;group&gt;</string>
		</dict>
		<key>5C404BCB1A1C9115007DCB2C</key>
		<dict>
			<key>fileEncoding</key>
			<string>4</string>
			<key>isa</key>
			<string>PBXFileReference</string>
			<key>lastKnownFileType</key>
			<string>sourcecode.c.objc</string>
			<key>path</key>
			<string>DefaultConfigurationViewController.m</string>
			<key>sourceTree</key>
			<string>&lt;group&gt;</string>
		</dict>
		<key>5C404BCC1A1C9115007DCB2C</key>
		<dict>
			<key>fileRef</key>
			<string>5C404BCB1A1C9115007DCB2C</string>
			<key>isa</key>
			<string>PBXBuildFile</string>
		</dict>
		<key>5C404BCF1A1C951F007DCB2C</key>
		<dict>
			<key>fileEncoding</key>
			<string>4</string>
			<key>isa</key>
			<string>PBXFileReference</string>
			<key>lastKnownFileType</key>
			<string>file.xib</string>
			<key>path</key>
			<string>DefaultConfigurationViewController.xib</string>
			<key>sourceTree</key>
			<string>&lt;group&gt;</string>
		</dict>
		<key>5C404BD01A1C951F007DCB2C</key>
		<dict>
			<key>fileRef</key>
			<string>5C404BCF1A1C951F007DCB2C</string>
			<key>isa</key>
			<string>PBXBuildFile</string>
		</dict>
		<key>5C4241B41C8997F500E5B289</key>
		<dict>
			<key>children</key>
			<array>
				<string>5C4241B51C89982000E5B289</string>
				<string>5C4241B61C89982000E5B289</string>
			</array>
			<key>isa</key>
			<string>PBXGroup</string>
			<key>name</key>
			<string>Image</string>
			<key>sourceTree</key>
			<string>&lt;group&gt;</string>
		</dict>
		<key>5C4241B51C89982000E5B289</key>
		<dict>
			<key>fileEncoding</key>
			<string>4</string>
			<key>isa</key>
			<string>PBXFileReference</string>
			<key>lastKnownFileType</key>
			<string>sourcecode.c.h</string>
			<key>name</key>
			<string>GONMarkupImage.h</string>
			<key>path</key>
			<string>../Classes/GONMarkupImage.h</string>
			<key>sourceTree</key>
			<string>&lt;group&gt;</string>
		</dict>
		<key>5C4241B61C89982000E5B289</key>
		<dict>
			<key>fileEncoding</key>
			<string>4</string>
			<key>isa</key>
			<string>PBXFileReference</string>
			<key>lastKnownFileType</key>
			<string>sourcecode.c.objc</string>
			<key>name</key>
			<string>GONMarkupImage.m</string>
			<key>path</key>
			<string>../Classes/GONMarkupImage.m</string>
			<key>sourceTree</key>
			<string>&lt;group&gt;</string>
		</dict>
		<key>5C4241B71C89982000E5B289</key>
		<dict>
			<key>fileRef</key>
			<string>5C4241B61C89982000E5B289</string>
			<key>isa</key>
			<string>PBXBuildFile</string>
		</dict>
		<key>5C4241B81C89995A00E5B289</key>
		<dict>
			<key>isa</key>
			<string>PBXFileReference</string>
			<key>lastKnownFileType</key>
			<string>image.png</string>
			<key>path</key>
			<string>lama.png</string>
			<key>sourceTree</key>
			<string>&lt;group&gt;</string>
		</dict>
		<key>5C4241B91C89995A00E5B289</key>
		<dict>
			<key>fileRef</key>
			<string>5C4241B81C89995A00E5B289</string>
			<key>isa</key>
			<string>PBXBuildFile</string>
		</dict>
		<key>5C43EE461A8251510053A667</key>
		<dict>
			<key>children</key>
			<array>
				<string>5C43EE471A8251920053A667</string>
				<string>5C43EE481A8251920053A667</string>
			</array>
			<key>isa</key>
			<string>PBXGroup</string>
			<key>name</key>
			<string>Anchor</string>
			<key>sourceTree</key>
			<string>&lt;group&gt;</string>
		</dict>
		<key>5C43EE471A8251920053A667</key>
		<dict>
			<key>fileEncoding</key>
			<string>4</string>
			<key>isa</key>
			<string>PBXFileReference</string>
			<key>lastKnownFileType</key>
			<string>sourcecode.c.h</string>
			<key>name</key>
			<string>GONMarkupAnchor.h</string>
			<key>path</key>
			<string>../Classes/GONMarkupAnchor.h</string>
			<key>sourceTree</key>
			<string>&lt;group&gt;</string>
		</dict>
		<key>5C43EE481A8251920053A667</key>
		<dict>
			<key>fileEncoding</key>
			<string>4</string>
			<key>isa</key>
			<string>PBXFileReference</string>
			<key>lastKnownFileType</key>
			<string>sourcecode.c.objc</string>
			<key>name</key>
			<string>GONMarkupAnchor.m</string>
			<key>path</key>
			<string>../Classes/GONMarkupAnchor.m</string>
			<key>sourceTree</key>
			<string>&lt;group&gt;</string>
		</dict>
		<key>5C43EE491A8251920053A667</key>
		<dict>
			<key>fileRef</key>
			<string>5C43EE481A8251920053A667</string>
			<key>isa</key>
			<string>PBXBuildFile</string>
		</dict>
		<key>5C43EE4A1A8251920053A667</key>
		<dict>
			<key>fileRef</key>
			<string>5C43EE481A8251920053A667</string>
			<key>isa</key>
			<string>PBXBuildFile</string>
		</dict>
		<key>5C43EE4F1A8267D60053A667</key>
		<dict>
			<key>fileEncoding</key>
			<string>4</string>
			<key>isa</key>
			<string>PBXFileReference</string>
			<key>lastKnownFileType</key>
			<string>sourcecode.c.h</string>
			<key>name</key>
			<string>UITextView+GONMarkupParser.h</string>
			<key>path</key>
			<string>../Classes/UITextView+GONMarkupParser.h</string>
			<key>sourceTree</key>
			<string>&lt;group&gt;</string>
		</dict>
		<key>5C43EE501A8267D60053A667</key>
		<dict>
			<key>fileEncoding</key>
			<string>4</string>
			<key>isa</key>
			<string>PBXFileReference</string>
			<key>lastKnownFileType</key>
			<string>sourcecode.c.objc</string>
			<key>name</key>
			<string>UITextView+GONMarkupParser.m</string>
			<key>path</key>
			<string>../Classes/UITextView+GONMarkupParser.m</string>
			<key>sourceTree</key>
			<string>&lt;group&gt;</string>
		</dict>
		<key>5C43EE511A8267D60053A667</key>
		<dict>
			<key>fileRef</key>
			<string>5C43EE501A8267D60053A667</string>
			<key>isa</key>
			<string>PBXBuildFile</string>
		</dict>
		<key>5C43EE521A8267D60053A667</key>
		<dict>
			<key>fileRef</key>
			<string>5C43EE501A8267D60053A667</string>
			<key>isa</key>
			<string>PBXBuildFile</string>
		</dict>
		<key>5C44A9CF19D0690A00CF6957</key>
		<dict>
			<key>fileEncoding</key>
			<string>4</string>
			<key>isa</key>
			<string>PBXFileReference</string>
			<key>lastKnownFileType</key>
			<string>sourcecode.c.h</string>
			<key>name</key>
			<string>GONMarkupFontTraits.h</string>
			<key>path</key>
			<string>../Classes/GONMarkupFontTraits.h</string>
			<key>sourceTree</key>
			<string>&lt;group&gt;</string>
		</dict>
		<key>5C44A9D019D0690A00CF6957</key>
		<dict>
			<key>fileEncoding</key>
			<string>4</string>
			<key>isa</key>
			<string>PBXFileReference</string>
			<key>lastKnownFileType</key>
			<string>sourcecode.c.objc</string>
			<key>name</key>
			<string>GONMarkupFontTraits.m</string>
			<key>path</key>
			<string>../Classes/GONMarkupFontTraits.m</string>
			<key>sourceTree</key>
			<string>&lt;group&gt;</string>
		</dict>
		<key>5C44A9D119D0690A00CF6957</key>
		<dict>
			<key>fileRef</key>
			<string>5C44A9D019D0690A00CF6957</string>
			<key>isa</key>
			<string>PBXBuildFile</string>
		</dict>
		<key>5C65F3DF1A111468005A76A3</key>
		<dict>
			<key>children</key>
			<array>
				<string>5C65F3E81A1114EC005A76A3</string>
				<string>5C65F3E91A1114EC005A76A3</string>
				<string>5C65F3EB1A11150A005A76A3</string>
				<string>5C65F3EC1A11150A005A76A3</string>
			</array>
			<key>isa</key>
			<string>PBXGroup</string>
			<key>name</key>
			<string>TextSize</string>
			<key>sourceTree</key>
			<string>&lt;group&gt;</string>
		</dict>
		<key>5C65F3E81A1114EC005A76A3</key>
		<dict>
			<key>fileEncoding</key>
			<string>4</string>
			<key>isa</key>
			<string>PBXFileReference</string>
			<key>lastKnownFileType</key>
			<string>sourcecode.c.h</string>
			<key>name</key>
			<string>GONMarkupInc.h</string>
			<key>path</key>
			<string>../Classes/GONMarkupInc.h</string>
			<key>sourceTree</key>
			<string>&lt;group&gt;</string>
		</dict>
		<key>5C65F3E91A1114EC005A76A3</key>
		<dict>
			<key>fileEncoding</key>
			<string>4</string>
			<key>isa</key>
			<string>PBXFileReference</string>
			<key>lastKnownFileType</key>
			<string>sourcecode.c.objc</string>
			<key>name</key>
			<string>GONMarkupInc.m</string>
			<key>path</key>
			<string>../Classes/GONMarkupInc.m</string>
			<key>sourceTree</key>
			<string>&lt;group&gt;</string>
		</dict>
		<key>5C65F3EA1A1114EC005A76A3</key>
		<dict>
			<key>fileRef</key>
			<string>5C65F3E91A1114EC005A76A3</string>
			<key>isa</key>
			<string>PBXBuildFile</string>
		</dict>
		<key>5C65F3EB1A11150A005A76A3</key>
		<dict>
			<key>fileEncoding</key>
			<string>4</string>
			<key>isa</key>
			<string>PBXFileReference</string>
			<key>lastKnownFileType</key>
			<string>sourcecode.c.h</string>
			<key>name</key>
			<string>GONMarkupDec.h</string>
			<key>path</key>
			<string>../Classes/GONMarkupDec.h</string>
			<key>sourceTree</key>
			<string>&lt;group&gt;</string>
		</dict>
		<key>5C65F3EC1A11150A005A76A3</key>
		<dict>
			<key>fileEncoding</key>
			<string>4</string>
			<key>isa</key>
			<string>PBXFileReference</string>
			<key>lastKnownFileType</key>
			<string>sourcecode.c.objc</string>
			<key>name</key>
			<string>GONMarkupDec.m</string>
			<key>path</key>
			<string>../Classes/GONMarkupDec.m</string>
			<key>sourceTree</key>
			<string>&lt;group&gt;</string>
		</dict>
		<key>5C65F3ED1A11150A005A76A3</key>
		<dict>
			<key>fileRef</key>
			<string>5C65F3EC1A11150A005A76A3</string>
			<key>isa</key>
			<string>PBXBuildFile</string>
		</dict>
		<key>5C65F3F01A112231005A76A3</key>
		<dict>
			<key>fileEncoding</key>
			<string>4</string>
			<key>isa</key>
			<string>PBXFileReference</string>
			<key>lastKnownFileType</key>
			<string>text.plist.xml</string>
			<key>path</key>
			<string>samples.plist</string>
			<key>sourceTree</key>
			<string>&lt;group&gt;</string>
		</dict>
		<key>5C65F3F11A112231005A76A3</key>
		<dict>
			<key>fileRef</key>
			<string>5C65F3F01A112231005A76A3</string>
			<key>isa</key>
			<string>PBXBuildFile</string>
		</dict>
		<key>5C65F3F21A112EBE005A76A3</key>
		<dict>
			<key>fileEncoding</key>
			<string>4</string>
			<key>isa</key>
			<string>PBXFileReference</string>
			<key>lastKnownFileType</key>
			<string>file.xib</string>
			<key>path</key>
			<string>MainWindow.xib</string>
			<key>sourceTree</key>
			<string>&lt;group&gt;</string>
		</dict>
		<key>5C65F3F31A112EBE005A76A3</key>
		<dict>
			<key>fileRef</key>
			<string>5C65F3F21A112EBE005A76A3</string>
			<key>isa</key>
			<string>PBXBuildFile</string>
		</dict>
		<key>5C65F3F41A112F1E005A76A3</key>
		<dict>
			<key>children</key>
			<array>
				<string>5C65F3F51A112F3A005A76A3</string>
				<string>5C65F3F61A112F3A005A76A3</string>
				<string>5C65F3F71A112F3A005A76A3</string>
			</array>
			<key>isa</key>
			<string>PBXGroup</string>
			<key>name</key>
			<string>Root</string>
			<key>sourceTree</key>
			<string>&lt;group&gt;</string>
		</dict>
		<key>5C65F3F51A112F3A005A76A3</key>
		<dict>
			<key>fileEncoding</key>
			<string>4</string>
			<key>isa</key>
			<string>PBXFileReference</string>
			<key>lastKnownFileType</key>
			<string>sourcecode.c.h</string>
			<key>path</key>
			<string>RootViewController.h</string>
			<key>sourceTree</key>
			<string>&lt;group&gt;</string>
		</dict>
		<key>5C65F3F61A112F3A005A76A3</key>
		<dict>
			<key>fileEncoding</key>
			<string>4</string>
			<key>isa</key>
			<string>PBXFileReference</string>
			<key>lastKnownFileType</key>
			<string>sourcecode.c.objc</string>
			<key>path</key>
			<string>RootViewController.m</string>
			<key>sourceTree</key>
			<string>&lt;group&gt;</string>
		</dict>
		<key>5C65F3F71A112F3A005A76A3</key>
		<dict>
			<key>fileEncoding</key>
			<string>4</string>
			<key>isa</key>
			<string>PBXFileReference</string>
			<key>lastKnownFileType</key>
			<string>file.xib</string>
			<key>path</key>
			<string>RootViewController.xib</string>
			<key>sourceTree</key>
			<string>&lt;group&gt;</string>
		</dict>
		<key>5C65F3F81A112F3A005A76A3</key>
		<dict>
			<key>fileRef</key>
			<string>5C65F3F61A112F3A005A76A3</string>
			<key>isa</key>
			<string>PBXBuildFile</string>
		</dict>
		<key>5C65F3F91A112F3A005A76A3</key>
		<dict>
			<key>fileRef</key>
			<string>5C65F3F71A112F3A005A76A3</string>
			<key>isa</key>
			<string>PBXBuildFile</string>
		</dict>
		<key>5C65F3FA1A1133E6005A76A3</key>
		<dict>
			<key>children</key>
			<array>
				<string>5C65F3FB1A1133F8005A76A3</string>
				<string>5C65F3FC1A1133F8005A76A3</string>
				<string>5C65F3FD1A1133F8005A76A3</string>
			</array>
			<key>isa</key>
			<string>PBXGroup</string>
			<key>name</key>
			<string>Sample</string>
			<key>sourceTree</key>
			<string>&lt;group&gt;</string>
		</dict>
		<key>5C65F3FB1A1133F8005A76A3</key>
		<dict>
			<key>fileEncoding</key>
			<string>4</string>
			<key>isa</key>
			<string>PBXFileReference</string>
			<key>lastKnownFileType</key>
			<string>sourcecode.c.h</string>
			<key>path</key>
			<string>SampleViewController.h</string>
			<key>sourceTree</key>
			<string>&lt;group&gt;</string>
		</dict>
		<key>5C65F3FC1A1133F8005A76A3</key>
		<dict>
			<key>fileEncoding</key>
			<string>4</string>
			<key>isa</key>
			<string>PBXFileReference</string>
			<key>lastKnownFileType</key>
			<string>sourcecode.c.objc</string>
			<key>path</key>
			<string>SampleViewController.m</string>
			<key>sourceTree</key>
			<string>&lt;group&gt;</string>
		</dict>
		<key>5C65F3FD1A1133F8005A76A3</key>
		<dict>
			<key>fileEncoding</key>
			<string>4</string>
			<key>isa</key>
			<string>PBXFileReference</string>
			<key>lastKnownFileType</key>
			<string>file.xib</string>
			<key>path</key>
			<string>SampleViewController.xib</string>
			<key>sourceTree</key>
			<string>&lt;group&gt;</string>
		</dict>
		<key>5C65F3FE1A1133F8005A76A3</key>
		<dict>
			<key>fileRef</key>
			<string>5C65F3FC1A1133F8005A76A3</string>
			<key>isa</key>
			<string>PBXBuildFile</string>
		</dict>
		<key>5C65F3FF1A1133F8005A76A3</key>
		<dict>
			<key>fileRef</key>
			<string>5C65F3FD1A1133F8005A76A3</string>
			<key>isa</key>
			<string>PBXBuildFile</string>
		</dict>
		<key>5C65F4001A1139B5005A76A3</key>
		<dict>
			<key>children</key>
			<array>
				<string>5C65F4011A1139CD005A76A3</string>
				<string>5C65F4021A1139CD005A76A3</string>
				<string>5C65F4031A1139CD005A76A3</string>
			</array>
			<key>isa</key>
			<string>PBXGroup</string>
			<key>name</key>
			<string>Playground</string>
			<key>sourceTree</key>
			<string>&lt;group&gt;</string>
		</dict>
		<key>5C65F4011A1139CD005A76A3</key>
		<dict>
			<key>fileEncoding</key>
			<string>4</string>
			<key>isa</key>
			<string>PBXFileReference</string>
			<key>lastKnownFileType</key>
			<string>sourcecode.c.h</string>
			<key>path</key>
			<string>PlaygroundViewController.h</string>
			<key>sourceTree</key>
			<string>&lt;group&gt;</string>
		</dict>
		<key>5C65F4021A1139CD005A76A3</key>
		<dict>
			<key>fileEncoding</key>
			<string>4</string>
			<key>isa</key>
			<string>PBXFileReference</string>
			<key>lastKnownFileType</key>
			<string>sourcecode.c.objc</string>
			<key>path</key>
			<string>PlaygroundViewController.m</string>
			<key>sourceTree</key>
			<string>&lt;group&gt;</string>
		</dict>
		<key>5C65F4031A1139CD005A76A3</key>
		<dict>
			<key>fileEncoding</key>
			<string>4</string>
			<key>isa</key>
			<string>PBXFileReference</string>
			<key>lastKnownFileType</key>
			<string>file.xib</string>
			<key>path</key>
			<string>PlaygroundViewController.xib</string>
			<key>sourceTree</key>
			<string>&lt;group&gt;</string>
		</dict>
		<key>5C65F4041A1139CD005A76A3</key>
		<dict>
			<key>fileRef</key>
			<string>5C65F4021A1139CD005A76A3</string>
			<key>isa</key>
			<string>PBXBuildFile</string>
		</dict>
		<key>5C65F4051A1139CD005A76A3</key>
		<dict>
			<key>fileRef</key>
			<string>5C65F4031A1139CD005A76A3</string>
			<key>isa</key>
			<string>PBXBuildFile</string>
		</dict>
		<key>5C65F4061A1153A2005A76A3</key>
		<dict>
			<key>fileEncoding</key>
			<string>4</string>
			<key>isa</key>
			<string>PBXFileReference</string>
			<key>lastKnownFileType</key>
			<string>file.xib</string>
			<key>path</key>
			<string>ResultViewController.xib</string>
			<key>sourceTree</key>
			<string>&lt;group&gt;</string>
		</dict>
		<key>5C65F4071A1153A2005A76A3</key>
		<dict>
			<key>fileRef</key>
			<string>5C65F4061A1153A2005A76A3</string>
			<key>isa</key>
			<string>PBXBuildFile</string>
		</dict>
		<key>5C65F4081A11FD87005A76A3</key>
		<dict>
			<key>children</key>
			<array>
				<string>5C65F4091A11FDB2005A76A3</string>
				<string>5C65F40A1A11FDB2005A76A3</string>
				<string>5C65F40C1A11FFFE005A76A3</string>
			</array>
			<key>isa</key>
			<string>PBXGroup</string>
			<key>name</key>
			<string>ComplexExample</string>
			<key>sourceTree</key>
			<string>&lt;group&gt;</string>
		</dict>
		<key>5C65F4091A11FDB2005A76A3</key>
		<dict>
			<key>fileEncoding</key>
			<string>4</string>
			<key>isa</key>
			<string>PBXFileReference</string>
			<key>lastKnownFileType</key>
			<string>sourcecode.c.h</string>
			<key>path</key>
			<string>ComplexExampleViewController.h</string>
			<key>sourceTree</key>
			<string>&lt;group&gt;</string>
		</dict>
		<key>5C65F40A1A11FDB2005A76A3</key>
		<dict>
			<key>fileEncoding</key>
			<string>4</string>
			<key>isa</key>
			<string>PBXFileReference</string>
			<key>lastKnownFileType</key>
			<string>sourcecode.c.objc</string>
			<key>path</key>
			<string>ComplexExampleViewController.m</string>
			<key>sourceTree</key>
			<string>&lt;group&gt;</string>
		</dict>
		<key>5C65F40B1A11FDB2005A76A3</key>
		<dict>
			<key>fileRef</key>
			<string>5C65F40A1A11FDB2005A76A3</string>
			<key>isa</key>
			<string>PBXBuildFile</string>
		</dict>
		<key>5C65F40C1A11FFFE005A76A3</key>
		<dict>
			<key>fileEncoding</key>
			<string>4</string>
			<key>isa</key>
			<string>PBXFileReference</string>
			<key>lastKnownFileType</key>
			<string>file.xib</string>
			<key>path</key>
			<string>ComplexExampleViewController.xib</string>
			<key>sourceTree</key>
			<string>&lt;group&gt;</string>
		</dict>
		<key>5C65F40D1A11FFFE005A76A3</key>
		<dict>
			<key>fileRef</key>
			<string>5C65F40C1A11FFFE005A76A3</string>
			<key>isa</key>
			<string>PBXBuildFile</string>
		</dict>
		<key>5C7C5B221994CA3A003BE47A</key>
		<dict>
			<key>children</key>
			<array>
				<string>5C7C5B271994CB55003BE47A</string>
				<string>5C7C5B281994CB55003BE47A</string>
			</array>
			<key>isa</key>
			<string>PBXGroup</string>
			<key>name</key>
			<string>Utils</string>
			<key>sourceTree</key>
			<string>&lt;group&gt;</string>
		</dict>
		<key>5C7C5B271994CB55003BE47A</key>
		<dict>
			<key>fileEncoding</key>
			<string>4</string>
			<key>isa</key>
			<string>PBXFileReference</string>
			<key>lastKnownFileType</key>
			<string>sourcecode.c.h</string>
			<key>name</key>
			<string>GONMarkupParserUtils.h</string>
			<key>path</key>
			<string>../Classes/GONMarkupParserUtils.h</string>
			<key>sourceTree</key>
			<string>&lt;group&gt;</string>
		</dict>
		<key>5C7C5B281994CB55003BE47A</key>
		<dict>
			<key>fileEncoding</key>
			<string>4</string>
			<key>isa</key>
			<string>PBXFileReference</string>
			<key>lastKnownFileType</key>
			<string>sourcecode.c.objc</string>
			<key>name</key>
			<string>GONMarkupParserUtils.m</string>
			<key>path</key>
			<string>../Classes/GONMarkupParserUtils.m</string>
			<key>sourceTree</key>
			<string>&lt;group&gt;</string>
		</dict>
		<key>5C7C5B291994CB55003BE47A</key>
		<dict>
			<key>fileRef</key>
			<string>5C7C5B281994CB55003BE47A</string>
			<key>isa</key>
			<string>PBXBuildFile</string>
		</dict>
		<key>5C7C5B2A1994CB55003BE47A</key>
		<dict>
			<key>fileRef</key>
			<string>5C7C5B281994CB55003BE47A</string>
			<key>isa</key>
			<string>PBXBuildFile</string>
		</dict>
		<key>5CB1C57E195B19C400590186</key>
		<dict>
			<key>fileEncoding</key>
			<string>4</string>
			<key>isa</key>
			<string>PBXFileReference</string>
			<key>lastKnownFileType</key>
			<string>sourcecode.c.h</string>
			<key>path</key>
			<string>ResultViewController.h</string>
			<key>sourceTree</key>
			<string>&lt;group&gt;</string>
		</dict>
		<key>5CB1C57F195B19C400590186</key>
		<dict>
			<key>fileEncoding</key>
			<string>4</string>
			<key>isa</key>
			<string>PBXFileReference</string>
			<key>lastKnownFileType</key>
			<string>sourcecode.c.objc</string>
			<key>path</key>
			<string>ResultViewController.m</string>
			<key>sourceTree</key>
			<string>&lt;group&gt;</string>
		</dict>
		<key>5CB1C580195B19C400590186</key>
		<dict>
			<key>fileRef</key>
			<string>5CB1C57F195B19C400590186</string>
			<key>isa</key>
			<string>PBXBuildFile</string>
		</dict>
		<key>5CB1C581195B19C800590186</key>
		<dict>
			<key>children</key>
			<array>
				<string>5CB1C57E195B19C400590186</string>
				<string>5CB1C57F195B19C400590186</string>
				<string>5C65F4061A1153A2005A76A3</string>
			</array>
			<key>isa</key>
			<string>PBXGroup</string>
			<key>name</key>
			<string>Result</string>
			<key>sourceTree</key>
			<string>&lt;group&gt;</string>
		</dict>
		<key>5CB1C582195B1A0100590186</key>
		<dict>
			<key>isa</key>
			<string>PBXFileReference</string>
			<key>lastKnownFileType</key>
			<string>sourcecode.c.h</string>
			<key>name</key>
			<string>GONMarkupDefaultMarkups.h</string>
			<key>path</key>
			<string>../Classes/GONMarkupDefaultMarkups.h</string>
			<key>sourceTree</key>
			<string>&lt;group&gt;</string>
		</dict>
		<key>5CB1C583195B1A3100590186</key>
		<dict>
			<key>children</key>
			<array>
				<string>5CE2718E195B1412007FCF44</string>
				<string>5CE2718F195B1412007FCF44</string>
				<string>5CB1C588195B1EE600590186</string>
				<string>5CB1C589195B1EE600590186</string>
			</array>
			<key>isa</key>
			<string>PBXGroup</string>
			<key>name</key>
			<string>Color</string>
			<key>sourceTree</key>
			<string>&lt;group&gt;</string>
		</dict>
		<key>5CB1C584195B1A3500590186</key>
		<dict>
			<key>children</key>
			<array>
				<string>5CE27192195B1412007FCF44</string>
				<string>5CE27193195B1412007FCF44</string>
				<string>5CB1C59E195B2B7700590186</string>
				<string>5CB1C59F195B2B7700590186</string>
			</array>
			<key>isa</key>
			<string>PBXGroup</string>
			<key>name</key>
			<string>Font</string>
			<key>sourceTree</key>
			<string>&lt;group&gt;</string>
		</dict>
		<key>5CB1C588195B1EE600590186</key>
		<dict>
			<key>fileEncoding</key>
			<string>4</string>
			<key>isa</key>
			<string>PBXFileReference</string>
			<key>lastKnownFileType</key>
			<string>sourcecode.c.h</string>
			<key>name</key>
			<string>GONMarkupNamedColor.h</string>
			<key>path</key>
			<string>../Classes/GONMarkupNamedColor.h</string>
			<key>sourceTree</key>
			<string>&lt;group&gt;</string>
		</dict>
		<key>5CB1C589195B1EE600590186</key>
		<dict>
			<key>fileEncoding</key>
			<string>4</string>
			<key>isa</key>
			<string>PBXFileReference</string>
			<key>lastKnownFileType</key>
			<string>sourcecode.c.objc</string>
			<key>name</key>
			<string>GONMarkupNamedColor.m</string>
			<key>path</key>
			<string>../Classes/GONMarkupNamedColor.m</string>
			<key>sourceTree</key>
			<string>&lt;group&gt;</string>
		</dict>
		<key>5CB1C58A195B1EE600590186</key>
		<dict>
			<key>fileRef</key>
			<string>5CB1C589195B1EE600590186</string>
			<key>isa</key>
			<string>PBXBuildFile</string>
		</dict>
		<key>5CB1C58B195B24DB00590186</key>
		<dict>
			<key>children</key>
			<array>
				<string>5CB1C58C195B24F200590186</string>
				<string>5CB1C58D195B24F200590186</string>
			</array>
			<key>isa</key>
			<string>PBXGroup</string>
			<key>name</key>
			<string>Block</string>
			<key>sourceTree</key>
			<string>&lt;group&gt;</string>
		</dict>
		<key>5CB1C58C195B24F200590186</key>
		<dict>
			<key>fileEncoding</key>
			<string>4</string>
			<key>isa</key>
			<string>PBXFileReference</string>
			<key>lastKnownFileType</key>
			<string>sourcecode.c.h</string>
			<key>name</key>
			<string>GONMarkupBlock.h</string>
			<key>path</key>
			<string>../Classes/GONMarkupBlock.h</string>
			<key>sourceTree</key>
			<string>&lt;group&gt;</string>
		</dict>
		<key>5CB1C58D195B24F200590186</key>
		<dict>
			<key>fileEncoding</key>
			<string>4</string>
			<key>isa</key>
			<string>PBXFileReference</string>
			<key>lastKnownFileType</key>
			<string>sourcecode.c.objc</string>
			<key>name</key>
			<string>GONMarkupBlock.m</string>
			<key>path</key>
			<string>../Classes/GONMarkupBlock.m</string>
			<key>sourceTree</key>
			<string>&lt;group&gt;</string>
		</dict>
		<key>5CB1C58E195B24F200590186</key>
		<dict>
			<key>fileRef</key>
			<string>5CB1C58D195B24F200590186</string>
			<key>isa</key>
			<string>PBXBuildFile</string>
		</dict>
		<key>5CB1C58F195B250A00590186</key>
		<dict>
			<key>fileRef</key>
			<string>5CB1C58D195B24F200590186</string>
			<key>isa</key>
			<string>PBXBuildFile</string>
		</dict>
		<key>5CB1C590195B250A00590186</key>
		<dict>
			<key>fileRef</key>
			<string>5CB1C589195B1EE600590186</string>
			<key>isa</key>
			<string>PBXBuildFile</string>
		</dict>
		<key>5CB1C591195B250A00590186</key>
		<dict>
			<key>fileRef</key>
			<string>5CE27160195B11E0007FCF44</string>
			<key>isa</key>
			<string>PBXBuildFile</string>
		</dict>
		<key>5CB1C593195B250A00590186</key>
		<dict>
			<key>fileRef</key>
			<string>5CB1C57F195B19C400590186</string>
			<key>isa</key>
			<string>PBXBuildFile</string>
		</dict>
		<key>5CB1C594195B250A00590186</key>
		<dict>
			<key>fileRef</key>
			<string>5CE2715C195B11E0007FCF44</string>
			<key>isa</key>
			<string>PBXBuildFile</string>
		</dict>
		<key>5CB1C599195B25A400590186</key>
		<dict>
			<key>children</key>
			<array>
				<string>5CB1C59A195B25E800590186</string>
				<string>5CB1C59B195B25E800590186</string>
				<string>5CB1C5B7195B55BE00590186</string>
				<string>5CB1C5B8195B55BE00590186</string>
				<string>5C1D1C2C19920D7100F7B642</string>
				<string>5C1D1C2D19920D7100F7B642</string>
			</array>
			<key>isa</key>
			<string>PBXGroup</string>
			<key>name</key>
			<string>Special</string>
			<key>sourceTree</key>
			<string>&lt;group&gt;</string>
		</dict>
		<key>5CB1C59A195B25E800590186</key>
		<dict>
			<key>fileEncoding</key>
			<string>4</string>
			<key>isa</key>
			<string>PBXFileReference</string>
			<key>lastKnownFileType</key>
			<string>sourcecode.c.h</string>
			<key>name</key>
			<string>GONMarkupReset.h</string>
			<key>path</key>
			<string>../Classes/GONMarkupReset.h</string>
			<key>sourceTree</key>
			<string>&lt;group&gt;</string>
		</dict>
		<key>5CB1C59B195B25E800590186</key>
		<dict>
			<key>fileEncoding</key>
			<string>4</string>
			<key>isa</key>
			<string>PBXFileReference</string>
			<key>lastKnownFileType</key>
			<string>sourcecode.c.objc</string>
			<key>name</key>
			<string>GONMarkupReset.m</string>
			<key>path</key>
			<string>../Classes/GONMarkupReset.m</string>
			<key>sourceTree</key>
			<string>&lt;group&gt;</string>
		</dict>
		<key>5CB1C59C195B25E800590186</key>
		<dict>
			<key>fileRef</key>
			<string>5CB1C59B195B25E800590186</string>
			<key>isa</key>
			<string>PBXBuildFile</string>
		</dict>
		<key>5CB1C59D195B25E800590186</key>
		<dict>
			<key>fileRef</key>
			<string>5CB1C59B195B25E800590186</string>
			<key>isa</key>
			<string>PBXBuildFile</string>
		</dict>
		<key>5CB1C59E195B2B7700590186</key>
		<dict>
			<key>fileEncoding</key>
			<string>4</string>
			<key>isa</key>
			<string>PBXFileReference</string>
			<key>lastKnownFileType</key>
			<string>sourcecode.c.h</string>
			<key>name</key>
			<string>GONMarkupNamedFont.h</string>
			<key>path</key>
			<string>../Classes/GONMarkupNamedFont.h</string>
			<key>sourceTree</key>
			<string>&lt;group&gt;</string>
		</dict>
		<key>5CB1C59F195B2B7700590186</key>
		<dict>
			<key>fileEncoding</key>
			<string>4</string>
			<key>isa</key>
			<string>PBXFileReference</string>
			<key>lastKnownFileType</key>
			<string>sourcecode.c.objc</string>
			<key>name</key>
			<string>GONMarkupNamedFont.m</string>
			<key>path</key>
			<string>../Classes/GONMarkupNamedFont.m</string>
			<key>sourceTree</key>
			<string>&lt;group&gt;</string>
		</dict>
		<key>5CB1C5A0195B2B7700590186</key>
		<dict>
			<key>fileRef</key>
			<string>5CB1C59F195B2B7700590186</string>
			<key>isa</key>
			<string>PBXBuildFile</string>
		</dict>
		<key>5CB1C5A1195B2B7700590186</key>
		<dict>
			<key>fileRef</key>
			<string>5CB1C59F195B2B7700590186</string>
			<key>isa</key>
			<string>PBXBuildFile</string>
		</dict>
		<key>5CB1C5A2195B333700590186</key>
		<dict>
			<key>fileEncoding</key>
			<string>4</string>
			<key>isa</key>
			<string>PBXFileReference</string>
			<key>lastKnownFileType</key>
			<string>sourcecode.c.h</string>
			<key>name</key>
			<string>GONMarkup+Private.h</string>
			<key>path</key>
			<string>../Classes/GONMarkup+Private.h</string>
			<key>sourceTree</key>
			<string>&lt;group&gt;</string>
		</dict>
		<key>5CB1C5A3195B333700590186</key>
		<dict>
			<key>fileEncoding</key>
			<string>4</string>
			<key>isa</key>
			<string>PBXFileReference</string>
			<key>lastKnownFileType</key>
			<string>sourcecode.c.objc</string>
			<key>name</key>
			<string>GONMarkup+Private.m</string>
			<key>path</key>
			<string>../Classes/GONMarkup+Private.m</string>
			<key>sourceTree</key>
			<string>&lt;group&gt;</string>
		</dict>
		<key>5CB1C5A4195B333700590186</key>
		<dict>
			<key>fileRef</key>
			<string>5CB1C5A3195B333700590186</string>
			<key>isa</key>
			<string>PBXBuildFile</string>
		</dict>
		<key>5CB1C5A5195B333700590186</key>
		<dict>
			<key>fileRef</key>
			<string>5CB1C5A3195B333700590186</string>
			<key>isa</key>
			<string>PBXBuildFile</string>
		</dict>
		<key>5CB1C5A6195B333B00590186</key>
		<dict>
			<key>children</key>
			<array>
				<string>5CB1C5A2195B333700590186</string>
				<string>5CB1C5A3195B333700590186</string>
			</array>
			<key>isa</key>
			<string>PBXGroup</string>
			<key>name</key>
			<string>Private</string>
			<key>sourceTree</key>
			<string>&lt;group&gt;</string>
		</dict>
		<key>5CB1C5A7195B3B7400590186</key>
		<dict>
			<key>fileEncoding</key>
			<string>4</string>
			<key>isa</key>
			<string>PBXFileReference</string>
			<key>lastKnownFileType</key>
			<string>text</string>
			<key>path</key>
			<string>ComplexExample</string>
			<key>sourceTree</key>
			<string>&lt;group&gt;</string>
		</dict>
		<key>5CB1C5A8195B3B7400590186</key>
		<dict>
			<key>fileRef</key>
			<string>5CB1C5A7195B3B7400590186</string>
			<key>isa</key>
			<string>PBXBuildFile</string>
		</dict>
		<key>5CB1C5A9195B3B7400590186</key>
		<dict>
			<key>fileRef</key>
			<string>5CB1C5A7195B3B7400590186</string>
			<key>isa</key>
			<string>PBXBuildFile</string>
		</dict>
		<key>5CB1C5AA195B4F8900590186</key>
		<dict>
			<key>children</key>
			<array>
				<string>5CB1C5AB195B4FA000590186</string>
				<string>5CB1C5AC195B4FA000590186</string>
				<string>5CB1C5B3195B4FB600590186</string>
				<string>5CB1C5B4195B4FB600590186</string>
			</array>
			<key>isa</key>
			<string>PBXGroup</string>
			<key>name</key>
			<string>List</string>
			<key>sourceTree</key>
			<string>&lt;group&gt;</string>
		</dict>
		<key>5CB1C5AB195B4FA000590186</key>
		<dict>
			<key>fileEncoding</key>
			<string>4</string>
			<key>isa</key>
			<string>PBXFileReference</string>
			<key>lastKnownFileType</key>
			<string>sourcecode.c.h</string>
			<key>name</key>
			<string>GONMarkupList.h</string>
			<key>path</key>
			<string>../Classes/GONMarkupList.h</string>
			<key>sourceTree</key>
			<string>&lt;group&gt;</string>
		</dict>
		<key>5CB1C5AC195B4FA000590186</key>
		<dict>
			<key>fileEncoding</key>
			<string>4</string>
			<key>isa</key>
			<string>PBXFileReference</string>
			<key>lastKnownFileType</key>
			<string>sourcecode.c.objc</string>
			<key>name</key>
			<string>GONMarkupList.m</string>
			<key>path</key>
			<string>../Classes/GONMarkupList.m</string>
			<key>sourceTree</key>
			<string>&lt;group&gt;</string>
		</dict>
		<key>5CB1C5AD195B4FA000590186</key>
		<dict>
			<key>fileRef</key>
			<string>5CB1C5AC195B4FA000590186</string>
			<key>isa</key>
			<string>PBXBuildFile</string>
		</dict>
		<key>5CB1C5AE195B4FA000590186</key>
		<dict>
			<key>fileRef</key>
			<string>5CB1C5AC195B4FA000590186</string>
			<key>isa</key>
			<string>PBXBuildFile</string>
		</dict>
		<key>5CB1C5B3195B4FB600590186</key>
		<dict>
			<key>fileEncoding</key>
			<string>4</string>
			<key>isa</key>
			<string>PBXFileReference</string>
			<key>lastKnownFileType</key>
			<string>sourcecode.c.h</string>
			<key>name</key>
			<string>GONMarkupListItem.h</string>
			<key>path</key>
			<string>../Classes/GONMarkupListItem.h</string>
			<key>sourceTree</key>
			<string>&lt;group&gt;</string>
		</dict>
		<key>5CB1C5B4195B4FB600590186</key>
		<dict>
			<key>fileEncoding</key>
			<string>4</string>
			<key>isa</key>
			<string>PBXFileReference</string>
			<key>lastKnownFileType</key>
			<string>sourcecode.c.objc</string>
			<key>name</key>
			<string>GONMarkupListItem.m</string>
			<key>path</key>
			<string>../Classes/GONMarkupListItem.m</string>
			<key>sourceTree</key>
			<string>&lt;group&gt;</string>
		</dict>
		<key>5CB1C5B5195B4FB600590186</key>
		<dict>
			<key>fileRef</key>
			<string>5CB1C5B4195B4FB600590186</string>
			<key>isa</key>
			<string>PBXBuildFile</string>
		</dict>
		<key>5CB1C5B6195B4FB600590186</key>
		<dict>
			<key>fileRef</key>
			<string>5CB1C5B4195B4FB600590186</string>
			<key>isa</key>
			<string>PBXBuildFile</string>
		</dict>
		<key>5CB1C5B7195B55BE00590186</key>
		<dict>
			<key>fileEncoding</key>
			<string>4</string>
			<key>isa</key>
			<string>PBXFileReference</string>
			<key>lastKnownFileType</key>
			<string>sourcecode.c.h</string>
			<key>name</key>
			<string>GONMarkupLineBreak.h</string>
			<key>path</key>
			<string>../Classes/GONMarkupLineBreak.h</string>
			<key>sourceTree</key>
			<string>&lt;group&gt;</string>
		</dict>
		<key>5CB1C5B8195B55BE00590186</key>
		<dict>
			<key>fileEncoding</key>
			<string>4</string>
			<key>isa</key>
			<string>PBXFileReference</string>
			<key>lastKnownFileType</key>
			<string>sourcecode.c.objc</string>
			<key>name</key>
			<string>GONMarkupLineBreak.m</string>
			<key>path</key>
			<string>../Classes/GONMarkupLineBreak.m</string>
			<key>sourceTree</key>
			<string>&lt;group&gt;</string>
		</dict>
		<key>5CB1C5B9195B55BE00590186</key>
		<dict>
			<key>fileRef</key>
			<string>5CB1C5B8195B55BE00590186</string>
			<key>isa</key>
			<string>PBXBuildFile</string>
		</dict>
		<key>5CB1C5BA195B55BE00590186</key>
		<dict>
			<key>fileRef</key>
			<string>5CB1C5B8195B55BE00590186</string>
			<key>isa</key>
			<string>PBXBuildFile</string>
		</dict>
		<key>5CB3106919BE023300B06D0D</key>
		<dict>
			<key>children</key>
			<array>
				<string>5C1BA2E419BF45BD00E3D67C</string>
				<string>5C2E11E21B8A146D0065D29C</string>
				<string>5C2E11E31B8A146D0065D29C</string>
				<string>5CB3106D19BE026C00B06D0D</string>
				<string>5CB3106E19BE026C00B06D0D</string>
				<string>5CB3107019BE027A00B06D0D</string>
				<string>5CB3107119BE027A00B06D0D</string>
				<string>5C43EE4F1A8267D60053A667</string>
				<string>5C43EE501A8267D60053A667</string>
			</array>
			<key>isa</key>
			<string>PBXGroup</string>
			<key>name</key>
			<string>Categories</string>
			<key>sourceTree</key>
			<string>&lt;group&gt;</string>
		</dict>
		<key>5CB3106D19BE026C00B06D0D</key>
		<dict>
			<key>fileEncoding</key>
			<string>4</string>
			<key>isa</key>
			<string>PBXFileReference</string>
			<key>lastKnownFileType</key>
			<string>sourcecode.c.h</string>
			<key>name</key>
			<string>UILabel+GONMarkupParser.h</string>
			<key>path</key>
			<string>../Classes/UILabel+GONMarkupParser.h</string>
			<key>sourceTree</key>
			<string>&lt;group&gt;</string>
		</dict>
		<key>5CB3106E19BE026C00B06D0D</key>
		<dict>
			<key>fileEncoding</key>
			<string>4</string>
			<key>isa</key>
			<string>PBXFileReference</string>
			<key>lastKnownFileType</key>
			<string>sourcecode.c.objc</string>
			<key>name</key>
			<string>UILabel+GONMarkupParser.m</string>
			<key>path</key>
			<string>../Classes/UILabel+GONMarkupParser.m</string>
			<key>sourceTree</key>
			<string>&lt;group&gt;</string>
		</dict>
		<key>5CB3106F19BE026C00B06D0D</key>
		<dict>
			<key>fileRef</key>
			<string>5CB3106E19BE026C00B06D0D</string>
			<key>isa</key>
			<string>PBXBuildFile</string>
		</dict>
		<key>5CB3107019BE027A00B06D0D</key>
		<dict>
			<key>fileEncoding</key>
			<string>4</string>
			<key>isa</key>
			<string>PBXFileReference</string>
			<key>lastKnownFileType</key>
			<string>sourcecode.c.h</string>
			<key>name</key>
			<string>UITextField+GONMarkupParser.h</string>
			<key>path</key>
			<string>../Classes/UITextField+GONMarkupParser.h</string>
			<key>sourceTree</key>
			<string>&lt;group&gt;</string>
		</dict>
		<key>5CB3107119BE027A00B06D0D</key>
		<dict>
			<key>fileEncoding</key>
			<string>4</string>
			<key>isa</key>
			<string>PBXFileReference</string>
			<key>lastKnownFileType</key>
			<string>sourcecode.c.objc</string>
			<key>name</key>
			<string>UITextField+GONMarkupParser.m</string>
			<key>path</key>
			<string>../Classes/UITextField+GONMarkupParser.m</string>
			<key>sourceTree</key>
			<string>&lt;group&gt;</string>
		</dict>
		<key>5CB3107219BE027A00B06D0D</key>
		<dict>
			<key>fileRef</key>
			<string>5CB3107119BE027A00B06D0D</string>
			<key>isa</key>
			<string>PBXBuildFile</string>
		</dict>
		<key>5CBDC0A0195C334D007279A0</key>
		<dict>
			<key>isa</key>
			<string>PBXFileReference</string>
			<key>lastKnownFileType</key>
			<string>text</string>
			<key>name</key>
			<string>README.md</string>
			<key>path</key>
			<string>../README.md</string>
			<key>sourceTree</key>
			<string>&lt;group&gt;</string>
		</dict>
		<key>5CBDC0A1195C3356007279A0</key>
		<dict>
			<key>isa</key>
			<string>PBXFileReference</string>
			<key>lastKnownFileType</key>
			<string>text</string>
			<key>name</key>
			<string>GONMarkupParser.podspec</string>
			<key>path</key>
			<string>../GONMarkupParser.podspec</string>
			<key>sourceTree</key>
			<string>&lt;group&gt;</string>
		</dict>
		<key>5CC284B41979746D0009D443</key>
		<dict>
			<key>children</key>
			<array>
				<string>5CC284B5197974870009D443</string>
				<string>5CC284B6197974870009D443</string>
			</array>
			<key>isa</key>
			<string>PBXGroup</string>
			<key>name</key>
			<string>Simple</string>
			<key>sourceTree</key>
			<string>&lt;group&gt;</string>
		</dict>
		<key>5CC284B5197974870009D443</key>
		<dict>
			<key>fileEncoding</key>
			<string>4</string>
			<key>isa</key>
			<string>PBXFileReference</string>
			<key>lastKnownFileType</key>
			<string>sourcecode.c.h</string>
			<key>name</key>
			<string>GONMarkupSimple.h</string>
			<key>path</key>
			<string>../Classes/GONMarkupSimple.h</string>
			<key>sourceTree</key>
			<string>&lt;group&gt;</string>
		</dict>
		<key>5CC284B6197974870009D443</key>
		<dict>
			<key>fileEncoding</key>
			<string>4</string>
			<key>isa</key>
			<string>PBXFileReference</string>
			<key>lastKnownFileType</key>
			<string>sourcecode.c.objc</string>
			<key>name</key>
			<string>GONMarkupSimple.m</string>
			<key>path</key>
			<string>../Classes/GONMarkupSimple.m</string>
			<key>sourceTree</key>
			<string>&lt;group&gt;</string>
		</dict>
		<key>5CC284B7197974870009D443</key>
		<dict>
			<key>fileRef</key>
			<string>5CC284B6197974870009D443</string>
			<key>isa</key>
			<string>PBXBuildFile</string>
		</dict>
		<key>5CC43CD2197E613800E46A03</key>
		<dict>
			<key>children</key>
			<array>
				<string>5CC43CD3197E616600E46A03</string>
				<string>5CC43CD4197E616600E46A03</string>
			</array>
			<key>isa</key>
			<string>PBXGroup</string>
			<key>name</key>
			<string>Alignment</string>
			<key>sourceTree</key>
			<string>&lt;group&gt;</string>
		</dict>
		<key>5CC43CD3197E616600E46A03</key>
		<dict>
			<key>fileEncoding</key>
			<string>4</string>
			<key>isa</key>
			<string>PBXFileReference</string>
			<key>lastKnownFileType</key>
			<string>sourcecode.c.h</string>
			<key>name</key>
			<string>GONMarkupAlignment.h</string>
			<key>path</key>
			<string>../Classes/GONMarkupAlignment.h</string>
			<key>sourceTree</key>
			<string>&lt;group&gt;</string>
		</dict>
		<key>5CC43CD4197E616600E46A03</key>
		<dict>
			<key>fileEncoding</key>
			<string>4</string>
			<key>isa</key>
			<string>PBXFileReference</string>
			<key>lastKnownFileType</key>
			<string>sourcecode.c.objc</string>
			<key>name</key>
			<string>GONMarkupAlignment.m</string>
			<key>path</key>
			<string>../Classes/GONMarkupAlignment.m</string>
			<key>sourceTree</key>
			<string>&lt;group&gt;</string>
		</dict>
		<key>5CC43CD5197E616600E46A03</key>
		<dict>
			<key>fileRef</key>
			<string>5CC43CD4197E616600E46A03</string>
			<key>isa</key>
			<string>PBXBuildFile</string>
		</dict>
		<key>5CD617E119828AA90001C3D9</key>
		<dict>
			<key>fileEncoding</key>
			<string>4</string>
			<key>isa</key>
			<string>PBXFileReference</string>
			<key>lastKnownFileType</key>
			<string>sourcecode.c.h</string>
			<key>name</key>
			<string>GONMarkupParserManager.h</string>
			<key>path</key>
			<string>../Classes/GONMarkupParserManager.h</string>
			<key>sourceTree</key>
			<string>&lt;group&gt;</string>
		</dict>
		<key>5CD617E219828AA90001C3D9</key>
		<dict>
			<key>fileEncoding</key>
			<string>4</string>
			<key>isa</key>
			<string>PBXFileReference</string>
			<key>lastKnownFileType</key>
			<string>sourcecode.c.objc</string>
			<key>name</key>
			<string>GONMarkupParserManager.m</string>
			<key>path</key>
			<string>../Classes/GONMarkupParserManager.m</string>
			<key>sourceTree</key>
			<string>&lt;group&gt;</string>
		</dict>
		<key>5CD617E319828AA90001C3D9</key>
		<dict>
			<key>fileRef</key>
			<string>5CD617E219828AA90001C3D9</string>
			<key>isa</key>
			<string>PBXBuildFile</string>
		</dict>
		<key>5CD617E419828AF50001C3D9</key>
		<dict>
			<key>children</key>
			<array>
				<string>5C44A9CF19D0690A00CF6957</string>
				<string>5C44A9D019D0690A00CF6957</string>
				<string>5CE1493B19CC2B6900B73518</string>
				<string>5CE1493C19CC2B6900B73518</string>
				<string>5CE1493619CC253600B73518</string>
				<string>5CE1493919CC2B6300B73518</string>
				<string>5C396DD01A80D80800AC8E45</string>
				<string>5C396DD11A80D80800AC8E45</string>
				<string>5CD617E519828B1C0001C3D9</string>
				<string>5CD617E619828B1C0001C3D9</string>
			</array>
			<key>isa</key>
			<string>PBXGroup</string>
			<key>name</key>
			<string>TextStyle</string>
			<key>sourceTree</key>
			<string>&lt;group&gt;</string>
		</dict>
		<key>5CD617E519828B1C0001C3D9</key>
		<dict>
			<key>fileEncoding</key>
			<string>4</string>
			<key>isa</key>
			<string>PBXFileReference</string>
			<key>lastKnownFileType</key>
			<string>sourcecode.c.h</string>
			<key>name</key>
			<string>GONMarkupTextStyle.h</string>
			<key>path</key>
			<string>../Classes/GONMarkupTextStyle.h</string>
			<key>sourceTree</key>
			<string>&lt;group&gt;</string>
		</dict>
		<key>5CD617E619828B1C0001C3D9</key>
		<dict>
			<key>fileEncoding</key>
			<string>4</string>
			<key>isa</key>
			<string>PBXFileReference</string>
			<key>lastKnownFileType</key>
			<string>sourcecode.c.objc</string>
			<key>name</key>
			<string>GONMarkupTextStyle.m</string>
			<key>path</key>
			<string>../Classes/GONMarkupTextStyle.m</string>
			<key>sourceTree</key>
			<string>&lt;group&gt;</string>
		</dict>
		<key>5CD617E719828B1C0001C3D9</key>
		<dict>
			<key>fileRef</key>
			<string>5CD617E619828B1C0001C3D9</string>
			<key>isa</key>
			<string>PBXBuildFile</string>
		</dict>
		<key>5CD617E819828B2E0001C3D9</key>
		<dict>
			<key>isa</key>
			<string>PBXFileReference</string>
			<key>lastKnownFileType</key>
			<string>wrapper.framework</string>
			<key>name</key>
			<string>CoreText.framework</string>
			<key>path</key>
			<string>System/Library/Frameworks/CoreText.framework</string>
			<key>sourceTree</key>
			<string>SDKROOT</string>
		</dict>
		<key>5CD617E919828B2E0001C3D9</key>
		<dict>
			<key>fileRef</key>
			<string>5CD617E819828B2E0001C3D9</string>
			<key>isa</key>
			<string>PBXBuildFile</string>
		</dict>
		<key>5CE1493619CC253600B73518</key>
		<dict>
			<key>fileEncoding</key>
			<string>4</string>
			<key>isa</key>
			<string>PBXFileReference</string>
			<key>lastKnownFileType</key>
			<string>sourcecode.c.h</string>
			<key>name</key>
			<string>GONMarkupItalic.h</string>
			<key>path</key>
			<string>../Classes/GONMarkupItalic.h</string>
			<key>sourceTree</key>
			<string>&lt;group&gt;</string>
		</dict>
		<key>5CE1493919CC2B6300B73518</key>
		<dict>
			<key>fileEncoding</key>
			<string>4</string>
			<key>isa</key>
			<string>PBXFileReference</string>
			<key>lastKnownFileType</key>
			<string>sourcecode.c.objc</string>
			<key>name</key>
			<string>GONMarkupItalic.m</string>
			<key>path</key>
			<string>../Classes/GONMarkupItalic.m</string>
			<key>sourceTree</key>
			<string>&lt;group&gt;</string>
		</dict>
		<key>5CE1493A19CC2B6300B73518</key>
		<dict>
			<key>fileRef</key>
			<string>5CE1493919CC2B6300B73518</string>
			<key>isa</key>
			<string>PBXBuildFile</string>
		</dict>
		<key>5CE1493B19CC2B6900B73518</key>
		<dict>
			<key>fileEncoding</key>
			<string>4</string>
			<key>isa</key>
			<string>PBXFileReference</string>
			<key>lastKnownFileType</key>
			<string>sourcecode.c.h</string>
			<key>name</key>
			<string>GONMarkupBold.h</string>
			<key>path</key>
			<string>../Classes/GONMarkupBold.h</string>
			<key>sourceTree</key>
			<string>&lt;group&gt;</string>
		</dict>
		<key>5CE1493C19CC2B6900B73518</key>
		<dict>
			<key>fileEncoding</key>
			<string>4</string>
			<key>isa</key>
			<string>PBXFileReference</string>
			<key>lastKnownFileType</key>
			<string>sourcecode.c.objc</string>
			<key>name</key>
			<string>GONMarkupBold.m</string>
			<key>path</key>
			<string>../Classes/GONMarkupBold.m</string>
			<key>sourceTree</key>
			<string>&lt;group&gt;</string>
		</dict>
		<key>5CE1493D19CC2B6900B73518</key>
		<dict>
			<key>fileRef</key>
			<string>5CE1493C19CC2B6900B73518</string>
			<key>isa</key>
			<string>PBXBuildFile</string>
		</dict>
		<key>5CE1493E19CC2BBC00B73518</key>
		<dict>
			<key>isa</key>
			<string>PBXFileReference</string>
			<key>lastKnownFileType</key>
			<string>sourcecode.c.h</string>
			<key>name</key>
			<string>GONMarkupParser_All.h</string>
			<key>path</key>
			<string>../Classes/GONMarkupParser_All.h</string>
			<key>sourceTree</key>
			<string>&lt;group&gt;</string>
		</dict>
		<key>5CE27144195B11E0007FCF44</key>
		<dict>
			<key>children</key>
			<array>
				<string>5C2E11E51B8A175F0065D29C</string>
				<string>5CBDC0A0195C334D007279A0</string>
				<string>5CBDC0A1195C3356007279A0</string>
				<string>5CE27185195B1226007FCF44</string>
				<string>5CE27156195B11E0007FCF44</string>
				<string>5CE27175195B11E0007FCF44</string>
				<string>5CE2714F195B11E0007FCF44</string>
				<string>5CE2714E195B11E0007FCF44</string>
				<string>9ED8BC75C581B1C9016D9AE7</string>
			</array>
			<key>isa</key>
			<string>PBXGroup</string>
			<key>sourceTree</key>
			<string>&lt;group&gt;</string>
		</dict>
		<key>5CE27145195B11E0007FCF44</key>
		<dict>
			<key>attributes</key>
			<dict>
				<key>LastUpgradeCheck</key>
				<string>0510</string>
				<key>ORGANIZATIONNAME</key>
				<string>Nicolas Goutaland</string>
				<key>TargetAttributes</key>
				<dict>
					<key>5CE2716D195B11E0007FCF44</key>
					<dict>
						<key>TestTargetID</key>
						<string>5CE2714C195B11E0007FCF44</string>
					</dict>
				</dict>
			</dict>
			<key>buildConfigurationList</key>
			<string>5CE27148195B11E0007FCF44</string>
			<key>compatibilityVersion</key>
			<string>Xcode 3.2</string>
			<key>developmentRegion</key>
			<string>English</string>
			<key>hasScannedForEncodings</key>
			<string>0</string>
			<key>isa</key>
			<string>PBXProject</string>
			<key>knownRegions</key>
			<array>
				<string>en</string>
				<string>Base</string>
			</array>
			<key>mainGroup</key>
			<string>5CE27144195B11E0007FCF44</string>
			<key>productRefGroup</key>
			<string>5CE2714E195B11E0007FCF44</string>
			<key>projectDirPath</key>
			<string></string>
			<key>projectReferences</key>
			<array/>
			<key>projectRoot</key>
			<string></string>
			<key>targets</key>
			<array>
				<string>5CE2714C195B11E0007FCF44</string>
				<string>5CE2716D195B11E0007FCF44</string>
			</array>
		</dict>
		<key>5CE27148195B11E0007FCF44</key>
		<dict>
			<key>buildConfigurations</key>
			<array>
				<string>5CE2717D195B11E0007FCF44</string>
				<string>5CE2717E195B11E0007FCF44</string>
			</array>
			<key>defaultConfigurationIsVisible</key>
			<string>0</string>
			<key>defaultConfigurationName</key>
			<string>Release</string>
			<key>isa</key>
			<string>XCConfigurationList</string>
		</dict>
		<key>5CE27149195B11E0007FCF44</key>
		<dict>
			<key>buildActionMask</key>
			<string>2147483647</string>
			<key>files</key>
			<array>
				<string>5CB1C5B9195B55BE00590186</string>
				<string>5CE2719A195B1412007FCF44</string>
				<string>5CE1493D19CC2B6900B73518</string>
				<string>5CE27198195B1412007FCF44</string>
				<string>5C2E11E41B8A146D0065D29C</string>
				<string>5C396DD21A80D80800AC8E45</string>
				<string>5CB1C5A0195B2B7700590186</string>
				<string>5CB1C58E195B24F200590186</string>
				<string>5C65F4041A1139CD005A76A3</string>
				<string>5CB1C5B5195B4FB600590186</string>
				<string>5C1D1C2E19920D7100F7B642</string>
				<string>5CC284B7197974870009D443</string>
				<string>5C4241B71C89982000E5B289</string>
				<string>5CD617E719828B1C0001C3D9</string>
				<string>5C404BCC1A1C9115007DCB2C</string>
				<string>5C65F40B1A11FDB2005A76A3</string>
				<string>5C43EE491A8251920053A667</string>
				<string>5C44A9D119D0690A00CF6957</string>
				<string>5CB3107219BE027A00B06D0D</string>
				<string>5C7C5B291994CB55003BE47A</string>
				<string>5CE1493A19CC2B6300B73518</string>
				<string>5CB3106F19BE026C00B06D0D</string>
				<string>5CE27196195B1412007FCF44</string>
				<string>5C65F3F81A112F3A005A76A3</string>
				<string>5CB1C59C195B25E800590186</string>
				<string>5C65F3EA1A1114EC005A76A3</string>
				<string>5CB1C58A195B1EE600590186</string>
				<string>5CE27161195B11E0007FCF44</string>
				<string>5CB1C5AD195B4FA000590186</string>
				<string>5CD617E319828AA90001C3D9</string>
				<string>5C65F3ED1A11150A005A76A3</string>
				<string>5C43EE511A8267D60053A667</string>
				<string>5CE2715D195B11E0007FCF44</string>
				<string>5CB1C5A4195B333700590186</string>
				<string>5CE27194195B1412007FCF44</string>
				<string>5CC43CD5197E616600E46A03</string>
				<string>5CB1C580195B19C400590186</string>
				<string>5C65F3FE1A1133F8005A76A3</string>
			</array>
			<key>isa</key>
			<string>PBXSourcesBuildPhase</string>
			<key>runOnlyForDeploymentPostprocessing</key>
			<string>0</string>
		</dict>
		<key>5CE2714A195B11E0007FCF44</key>
		<dict>
			<key>buildActionMask</key>
			<string>2147483647</string>
			<key>files</key>
			<array>
				<string>5CD617E919828B2E0001C3D9</string>
				<string>5CE27153195B11E0007FCF44</string>
				<string>5CE27155195B11E0007FCF44</string>
				<string>5CE27151195B11E0007FCF44</string>
				<string>6C6DD8957B134FA9B1AE1824</string>
			</array>
			<key>isa</key>
			<string>PBXFrameworksBuildPhase</string>
			<key>runOnlyForDeploymentPostprocessing</key>
			<string>0</string>
		</dict>
		<key>5CE2714B195B11E0007FCF44</key>
		<dict>
			<key>buildActionMask</key>
			<string>2147483647</string>
			<key>files</key>
			<array>
				<string>5CE27169195B11E0007FCF44</string>
				<string>5C65F4051A1139CD005A76A3</string>
				<string>5C4241B91C89995A00E5B289</string>
				<string>5CB1C5A8195B3B7400590186</string>
				<string>5C65F3FF1A1133F8005A76A3</string>
				<string>5C65F3F31A112EBE005A76A3</string>
				<string>5CE2715B195B11E0007FCF44</string>
				<string>5C65F3F91A112F3A005A76A3</string>
				<string>5C404BD01A1C951F007DCB2C</string>
				<string>5C65F4071A1153A2005A76A3</string>
				<string>5C65F40D1A11FFFE005A76A3</string>
				<string>5C65F3F11A112231005A76A3</string>
			</array>
			<key>isa</key>
			<string>PBXResourcesBuildPhase</string>
			<key>runOnlyForDeploymentPostprocessing</key>
			<string>0</string>
		</dict>
		<key>5CE2714C195B11E0007FCF44</key>
		<dict>
			<key>buildConfigurationList</key>
			<string>5CE2717F195B11E0007FCF44</string>
			<key>buildPhases</key>
			<array>
				<string>EC3DF1B1D208418697196C2B</string>
				<string>5CE27149195B11E0007FCF44</string>
				<string>5CE2714A195B11E0007FCF44</string>
				<string>5CE2714B195B11E0007FCF44</string>
				<string>AF75F26F4574437294323C3C</string>
				<string>76B316C8E587F0981B66B953</string>
			</array>
			<key>buildRules</key>
			<array/>
			<key>dependencies</key>
			<array/>
			<key>isa</key>
			<string>PBXNativeTarget</string>
			<key>name</key>
			<string>GONMarkupParserSample</string>
			<key>productName</key>
			<string>GONMarkupParserSample</string>
			<key>productReference</key>
			<string>5CE2714D195B11E0007FCF44</string>
			<key>productType</key>
			<string>com.apple.product-type.application</string>
		</dict>
		<key>5CE2714D195B11E0007FCF44</key>
		<dict>
			<key>explicitFileType</key>
			<string>wrapper.application</string>
			<key>includeInIndex</key>
			<string>0</string>
			<key>isa</key>
			<string>PBXFileReference</string>
			<key>path</key>
			<string>GONMarkupParserSample.app</string>
			<key>sourceTree</key>
			<string>BUILT_PRODUCTS_DIR</string>
		</dict>
		<key>5CE2714E195B11E0007FCF44</key>
		<dict>
			<key>children</key>
			<array>
				<string>5CE2714D195B11E0007FCF44</string>
				<string>5CE2716E195B11E0007FCF44</string>
			</array>
			<key>isa</key>
			<string>PBXGroup</string>
			<key>name</key>
			<string>Products</string>
			<key>sourceTree</key>
			<string>&lt;group&gt;</string>
		</dict>
		<key>5CE2714F195B11E0007FCF44</key>
		<dict>
			<key>children</key>
			<array>
				<string>5CD617E819828B2E0001C3D9</string>
				<string>5CE27150195B11E0007FCF44</string>
				<string>5CE27152195B11E0007FCF44</string>
				<string>5CE27154195B11E0007FCF44</string>
				<string>5CE2716F195B11E0007FCF44</string>
				<string>17B85795BD5D4A4195265653</string>
			</array>
			<key>isa</key>
			<string>PBXGroup</string>
			<key>name</key>
			<string>Frameworks</string>
			<key>sourceTree</key>
			<string>&lt;group&gt;</string>
		</dict>
		<key>5CE27150195B11E0007FCF44</key>
		<dict>
			<key>isa</key>
			<string>PBXFileReference</string>
			<key>lastKnownFileType</key>
			<string>wrapper.framework</string>
			<key>name</key>
			<string>Foundation.framework</string>
			<key>path</key>
			<string>System/Library/Frameworks/Foundation.framework</string>
			<key>sourceTree</key>
			<string>SDKROOT</string>
		</dict>
		<key>5CE27151195B11E0007FCF44</key>
		<dict>
			<key>fileRef</key>
			<string>5CE27150195B11E0007FCF44</string>
			<key>isa</key>
			<string>PBXBuildFile</string>
		</dict>
		<key>5CE27152195B11E0007FCF44</key>
		<dict>
			<key>isa</key>
			<string>PBXFileReference</string>
			<key>lastKnownFileType</key>
			<string>wrapper.framework</string>
			<key>name</key>
			<string>CoreGraphics.framework</string>
			<key>path</key>
			<string>System/Library/Frameworks/CoreGraphics.framework</string>
			<key>sourceTree</key>
			<string>SDKROOT</string>
		</dict>
		<key>5CE27153195B11E0007FCF44</key>
		<dict>
			<key>fileRef</key>
			<string>5CE27152195B11E0007FCF44</string>
			<key>isa</key>
			<string>PBXBuildFile</string>
		</dict>
		<key>5CE27154195B11E0007FCF44</key>
		<dict>
			<key>isa</key>
			<string>PBXFileReference</string>
			<key>lastKnownFileType</key>
			<string>wrapper.framework</string>
			<key>name</key>
			<string>UIKit.framework</string>
			<key>path</key>
			<string>System/Library/Frameworks/UIKit.framework</string>
			<key>sourceTree</key>
			<string>SDKROOT</string>
		</dict>
		<key>5CE27155195B11E0007FCF44</key>
		<dict>
			<key>fileRef</key>
			<string>5CE27154195B11E0007FCF44</string>
			<key>isa</key>
			<string>PBXBuildFile</string>
		</dict>
		<key>5CE27156195B11E0007FCF44</key>
		<dict>
			<key>children</key>
			<array>
				<string>5CE27186195B123A007FCF44</string>
				<string>5CE27187195B1241007FCF44</string>
				<string>5CE27157195B11E0007FCF44</string>
			</array>
			<key>isa</key>
			<string>PBXGroup</string>
			<key>path</key>
			<string>GONMarkupParserSample</string>
			<key>sourceTree</key>
			<string>&lt;group&gt;</string>
		</dict>
		<key>5CE27157195B11E0007FCF44</key>
		<dict>
			<key>children</key>
			<array>
				<string>5CE27158195B11E0007FCF44</string>
				<string>5CE27159195B11E0007FCF44</string>
				<string>5CE2715C195B11E0007FCF44</string>
				<string>5CE2715E195B11E0007FCF44</string>
				<string>5C65F3F21A112EBE005A76A3</string>
			</array>
			<key>isa</key>
			<string>PBXGroup</string>
			<key>name</key>
			<string>Supporting Files</string>
			<key>sourceTree</key>
			<string>&lt;group&gt;</string>
		</dict>
		<key>5CE27158195B11E0007FCF44</key>
		<dict>
			<key>isa</key>
			<string>PBXFileReference</string>
			<key>lastKnownFileType</key>
			<string>text.plist.xml</string>
			<key>path</key>
			<string>GONMarkupParserSample-Info.plist</string>
			<key>sourceTree</key>
			<string>&lt;group&gt;</string>
		</dict>
		<key>5CE27159195B11E0007FCF44</key>
		<dict>
			<key>children</key>
			<array>
				<string>5CE2715A195B11E0007FCF44</string>
			</array>
			<key>isa</key>
			<string>PBXVariantGroup</string>
			<key>name</key>
			<string>InfoPlist.strings</string>
			<key>sourceTree</key>
			<string>&lt;group&gt;</string>
		</dict>
		<key>5CE2715A195B11E0007FCF44</key>
		<dict>
			<key>isa</key>
			<string>PBXFileReference</string>
			<key>lastKnownFileType</key>
			<string>text.plist.strings</string>
			<key>name</key>
			<string>en</string>
			<key>path</key>
			<string>en.lproj/InfoPlist.strings</string>
			<key>sourceTree</key>
			<string>&lt;group&gt;</string>
		</dict>
		<key>5CE2715B195B11E0007FCF44</key>
		<dict>
			<key>fileRef</key>
			<string>5CE27159195B11E0007FCF44</string>
			<key>isa</key>
			<string>PBXBuildFile</string>
		</dict>
		<key>5CE2715C195B11E0007FCF44</key>
		<dict>
			<key>isa</key>
			<string>PBXFileReference</string>
			<key>lastKnownFileType</key>
			<string>sourcecode.c.objc</string>
			<key>path</key>
			<string>main.m</string>
			<key>sourceTree</key>
			<string>&lt;group&gt;</string>
		</dict>
		<key>5CE2715D195B11E0007FCF44</key>
		<dict>
			<key>fileRef</key>
			<string>5CE2715C195B11E0007FCF44</string>
			<key>isa</key>
			<string>PBXBuildFile</string>
		</dict>
		<key>5CE2715E195B11E0007FCF44</key>
		<dict>
			<key>isa</key>
			<string>PBXFileReference</string>
			<key>lastKnownFileType</key>
			<string>sourcecode.c.h</string>
			<key>path</key>
			<string>GONMarkupParserSample-Prefix.pch</string>
			<key>sourceTree</key>
			<string>&lt;group&gt;</string>
		</dict>
		<key>5CE2715F195B11E0007FCF44</key>
		<dict>
			<key>isa</key>
			<string>PBXFileReference</string>
			<key>lastKnownFileType</key>
			<string>sourcecode.c.h</string>
			<key>path</key>
			<string>AppDelegate.h</string>
			<key>sourceTree</key>
			<string>&lt;group&gt;</string>
		</dict>
		<key>5CE27160195B11E0007FCF44</key>
		<dict>
			<key>isa</key>
			<string>PBXFileReference</string>
			<key>lastKnownFileType</key>
			<string>sourcecode.c.objc</string>
			<key>path</key>
			<string>AppDelegate.m</string>
			<key>sourceTree</key>
			<string>&lt;group&gt;</string>
		</dict>
		<key>5CE27161195B11E0007FCF44</key>
		<dict>
			<key>fileRef</key>
			<string>5CE27160195B11E0007FCF44</string>
			<key>isa</key>
			<string>PBXBuildFile</string>
		</dict>
		<key>5CE27168195B11E0007FCF44</key>
		<dict>
			<key>isa</key>
			<string>PBXFileReference</string>
			<key>lastKnownFileType</key>
			<string>folder.assetcatalog</string>
			<key>path</key>
			<string>Images.xcassets</string>
			<key>sourceTree</key>
			<string>&lt;group&gt;</string>
		</dict>
		<key>5CE27169195B11E0007FCF44</key>
		<dict>
			<key>fileRef</key>
			<string>5CE27168195B11E0007FCF44</string>
			<key>isa</key>
			<string>PBXBuildFile</string>
		</dict>
		<key>5CE2716A195B11E0007FCF44</key>
		<dict>
			<key>buildActionMask</key>
			<string>2147483647</string>
			<key>files</key>
			<array>
				<string>5C43EE4A1A8251920053A667</string>
				<string>5CB1C590195B250A00590186</string>
				<string>5CB1C5AE195B4FA000590186</string>
				<string>5C396DD31A80D80800AC8E45</string>
				<string>5CE2717C195B11E0007FCF44</string>
				<string>5C43EE521A8267D60053A667</string>
				<string>5CB1C591195B250A00590186</string>
				<string>5CB1C5A1195B2B7700590186</string>
				<string>5C7C5B2A1994CB55003BE47A</string>
				<string>5CB1C593195B250A00590186</string>
				<string>5CB1C5B6195B4FB600590186</string>
				<string>5CB1C5A5195B333700590186</string>
				<string>5CE27195195B1412007FCF44</string>
				<string>5CB1C59D195B25E800590186</string>
				<string>5CE2719B195B1412007FCF44</string>
				<string>5CE27199195B1412007FCF44</string>
				<string>5CB1C5BA195B55BE00590186</string>
				<string>5CE27197195B1412007FCF44</string>
				<string>5CB1C594195B250A00590186</string>
				<string>5CB1C58F195B250A00590186</string>
			</array>
			<key>isa</key>
			<string>PBXSourcesBuildPhase</string>
			<key>runOnlyForDeploymentPostprocessing</key>
			<string>0</string>
		</dict>
		<key>5CE2716B195B11E0007FCF44</key>
		<dict>
			<key>buildActionMask</key>
			<string>2147483647</string>
			<key>files</key>
			<array>
				<string>5CE27170195B11E0007FCF44</string>
				<string>5CE27172195B11E0007FCF44</string>
				<string>5CE27171195B11E0007FCF44</string>
				<string>AD657A810CFC90EF7829443F</string>
			</array>
			<key>isa</key>
			<string>PBXFrameworksBuildPhase</string>
			<key>runOnlyForDeploymentPostprocessing</key>
			<string>0</string>
		</dict>
		<key>5CE2716C195B11E0007FCF44</key>
		<dict>
			<key>buildActionMask</key>
			<string>2147483647</string>
			<key>files</key>
			<array>
				<string>5CE2717A195B11E0007FCF44</string>
				<string>5CB1C5A9195B3B7400590186</string>
			</array>
			<key>isa</key>
			<string>PBXResourcesBuildPhase</string>
			<key>runOnlyForDeploymentPostprocessing</key>
			<string>0</string>
		</dict>
		<key>5CE2716D195B11E0007FCF44</key>
		<dict>
			<key>buildConfigurationList</key>
			<string>5CE27182195B11E0007FCF44</string>
			<key>buildPhases</key>
			<array>
				<string>A00223591121399D271132D1</string>
				<string>5CE2716A195B11E0007FCF44</string>
				<string>5CE2716B195B11E0007FCF44</string>
				<string>5CE2716C195B11E0007FCF44</string>
				<string>CA98D5286576877426AD6D21</string>
				<string>4987DEF503902DACA3129A7C</string>
			</array>
			<key>buildRules</key>
			<array/>
			<key>dependencies</key>
			<array>
				<string>5CE27174195B11E0007FCF44</string>
			</array>
			<key>isa</key>
			<string>PBXNativeTarget</string>
			<key>name</key>
			<string>GONMarkupParserSampleTests</string>
			<key>productName</key>
			<string>GONMarkupParserSampleTests</string>
			<key>productReference</key>
			<string>5CE2716E195B11E0007FCF44</string>
			<key>productType</key>
			<string>com.apple.product-type.bundle.unit-test</string>
		</dict>
		<key>5CE2716E195B11E0007FCF44</key>
		<dict>
			<key>explicitFileType</key>
			<string>wrapper.cfbundle</string>
			<key>includeInIndex</key>
			<string>0</string>
			<key>isa</key>
			<string>PBXFileReference</string>
			<key>path</key>
			<string>GONMarkupParserSampleTests.xctest</string>
			<key>sourceTree</key>
			<string>BUILT_PRODUCTS_DIR</string>
		</dict>
		<key>5CE2716F195B11E0007FCF44</key>
		<dict>
			<key>isa</key>
			<string>PBXFileReference</string>
			<key>lastKnownFileType</key>
			<string>wrapper.framework</string>
			<key>name</key>
			<string>XCTest.framework</string>
			<key>path</key>
			<string>Library/Frameworks/XCTest.framework</string>
			<key>sourceTree</key>
			<string>DEVELOPER_DIR</string>
		</dict>
		<key>5CE27170195B11E0007FCF44</key>
		<dict>
			<key>fileRef</key>
			<string>5CE2716F195B11E0007FCF44</string>
			<key>isa</key>
			<string>PBXBuildFile</string>
		</dict>
		<key>5CE27171195B11E0007FCF44</key>
		<dict>
			<key>fileRef</key>
			<string>5CE27150195B11E0007FCF44</string>
			<key>isa</key>
			<string>PBXBuildFile</string>
		</dict>
		<key>5CE27172195B11E0007FCF44</key>
		<dict>
			<key>fileRef</key>
			<string>5CE27154195B11E0007FCF44</string>
			<key>isa</key>
			<string>PBXBuildFile</string>
		</dict>
		<key>5CE27173195B11E0007FCF44</key>
		<dict>
			<key>containerPortal</key>
			<string>5CE27145195B11E0007FCF44</string>
			<key>isa</key>
			<string>PBXContainerItemProxy</string>
			<key>proxyType</key>
			<string>1</string>
			<key>remoteGlobalIDString</key>
			<string>5CE2714C195B11E0007FCF44</string>
			<key>remoteInfo</key>
			<string>GONMarkupParserSample</string>
		</dict>
		<key>5CE27174195B11E0007FCF44</key>
		<dict>
			<key>isa</key>
			<string>PBXTargetDependency</string>
			<key>target</key>
			<string>5CE2714C195B11E0007FCF44</string>
			<key>targetProxy</key>
			<string>5CE27173195B11E0007FCF44</string>
		</dict>
		<key>5CE27175195B11E0007FCF44</key>
		<dict>
			<key>children</key>
			<array>
				<string>5CE2717B195B11E0007FCF44</string>
				<string>5CE27176195B11E0007FCF44</string>
			</array>
			<key>isa</key>
			<string>PBXGroup</string>
			<key>path</key>
			<string>GONMarkupParserSampleTests</string>
			<key>sourceTree</key>
			<string>&lt;group&gt;</string>
		</dict>
		<key>5CE27176195B11E0007FCF44</key>
		<dict>
			<key>children</key>
			<array>
				<string>5CE27177195B11E0007FCF44</string>
				<string>5CE27178195B11E0007FCF44</string>
			</array>
			<key>isa</key>
			<string>PBXGroup</string>
			<key>name</key>
			<string>Supporting Files</string>
			<key>sourceTree</key>
			<string>&lt;group&gt;</string>
		</dict>
		<key>5CE27177195B11E0007FCF44</key>
		<dict>
			<key>isa</key>
			<string>PBXFileReference</string>
			<key>lastKnownFileType</key>
			<string>text.plist.xml</string>
			<key>path</key>
			<string>GONMarkupParserSampleTests-Info.plist</string>
			<key>sourceTree</key>
			<string>&lt;group&gt;</string>
		</dict>
		<key>5CE27178195B11E0007FCF44</key>
		<dict>
			<key>children</key>
			<array>
				<string>5CE27179195B11E0007FCF44</string>
			</array>
			<key>isa</key>
			<string>PBXVariantGroup</string>
			<key>name</key>
			<string>InfoPlist.strings</string>
			<key>sourceTree</key>
			<string>&lt;group&gt;</string>
		</dict>
		<key>5CE27179195B11E0007FCF44</key>
		<dict>
			<key>isa</key>
			<string>PBXFileReference</string>
			<key>lastKnownFileType</key>
			<string>text.plist.strings</string>
			<key>name</key>
			<string>en</string>
			<key>path</key>
			<string>en.lproj/InfoPlist.strings</string>
			<key>sourceTree</key>
			<string>&lt;group&gt;</string>
		</dict>
		<key>5CE2717A195B11E0007FCF44</key>
		<dict>
			<key>fileRef</key>
			<string>5CE27178195B11E0007FCF44</string>
			<key>isa</key>
			<string>PBXBuildFile</string>
		</dict>
		<key>5CE2717B195B11E0007FCF44</key>
		<dict>
			<key>isa</key>
			<string>PBXFileReference</string>
			<key>lastKnownFileType</key>
			<string>sourcecode.c.objc</string>
			<key>path</key>
			<string>GONMarkupParserSampleTests.m</string>
			<key>sourceTree</key>
			<string>&lt;group&gt;</string>
		</dict>
		<key>5CE2717C195B11E0007FCF44</key>
		<dict>
			<key>fileRef</key>
			<string>5CE2717B195B11E0007FCF44</string>
			<key>isa</key>
			<string>PBXBuildFile</string>
		</dict>
		<key>5CE2717D195B11E0007FCF44</key>
		<dict>
			<key>buildSettings</key>
			<dict>
				<key>ALWAYS_SEARCH_USER_PATHS</key>
				<string>NO</string>
				<key>CLANG_CXX_LANGUAGE_STANDARD</key>
				<string>gnu++0x</string>
				<key>CLANG_CXX_LIBRARY</key>
				<string>libc++</string>
				<key>CLANG_ENABLE_MODULES</key>
				<string>YES</string>
				<key>CLANG_ENABLE_OBJC_ARC</key>
				<string>YES</string>
				<key>CLANG_WARN_BOOL_CONVERSION</key>
				<string>YES</string>
				<key>CLANG_WARN_CONSTANT_CONVERSION</key>
				<string>YES</string>
				<key>CLANG_WARN_DIRECT_OBJC_ISA_USAGE</key>
				<string>YES_ERROR</string>
				<key>CLANG_WARN_EMPTY_BODY</key>
				<string>YES</string>
				<key>CLANG_WARN_ENUM_CONVERSION</key>
				<string>YES</string>
				<key>CLANG_WARN_INT_CONVERSION</key>
				<string>YES</string>
				<key>CLANG_WARN_OBJC_ROOT_CLASS</key>
				<string>YES_ERROR</string>
				<key>CLANG_WARN__DUPLICATE_METHOD_MATCH</key>
				<string>YES</string>
				<key>CODE_SIGN_IDENTITY[sdk=iphoneos*]</key>
				<string>iPhone Developer</string>
				<key>COPY_PHASE_STRIP</key>
				<string>NO</string>
				<key>GCC_C_LANGUAGE_STANDARD</key>
				<string>gnu99</string>
				<key>GCC_DYNAMIC_NO_PIC</key>
				<string>NO</string>
				<key>GCC_OPTIMIZATION_LEVEL</key>
				<string>0</string>
				<key>GCC_PREPROCESSOR_DEFINITIONS</key>
				<array>
					<string>DEBUG=1</string>
					<string>$(inherited)</string>
				</array>
				<key>GCC_SYMBOLS_PRIVATE_EXTERN</key>
				<string>NO</string>
				<key>GCC_WARN_64_TO_32_BIT_CONVERSION</key>
				<string>YES</string>
				<key>GCC_WARN_ABOUT_RETURN_TYPE</key>
				<string>YES_ERROR</string>
				<key>GCC_WARN_UNDECLARED_SELECTOR</key>
				<string>YES</string>
				<key>GCC_WARN_UNINITIALIZED_AUTOS</key>
				<string>YES_AGGRESSIVE</string>
				<key>GCC_WARN_UNUSED_FUNCTION</key>
				<string>YES</string>
				<key>GCC_WARN_UNUSED_VARIABLE</key>
				<string>YES</string>
				<key>IPHONEOS_DEPLOYMENT_TARGET</key>
				<string>7.1</string>
				<key>ONLY_ACTIVE_ARCH</key>
				<string>YES</string>
				<key>SDKROOT</key>
				<string>iphoneos</string>
			</dict>
			<key>isa</key>
			<string>XCBuildConfiguration</string>
			<key>name</key>
			<string>Debug</string>
		</dict>
		<key>5CE2717E195B11E0007FCF44</key>
		<dict>
			<key>buildSettings</key>
			<dict>
				<key>ALWAYS_SEARCH_USER_PATHS</key>
				<string>NO</string>
				<key>CLANG_CXX_LANGUAGE_STANDARD</key>
				<string>gnu++0x</string>
				<key>CLANG_CXX_LIBRARY</key>
				<string>libc++</string>
				<key>CLANG_ENABLE_MODULES</key>
				<string>YES</string>
				<key>CLANG_ENABLE_OBJC_ARC</key>
				<string>YES</string>
				<key>CLANG_WARN_BOOL_CONVERSION</key>
				<string>YES</string>
				<key>CLANG_WARN_CONSTANT_CONVERSION</key>
				<string>YES</string>
				<key>CLANG_WARN_DIRECT_OBJC_ISA_USAGE</key>
				<string>YES_ERROR</string>
				<key>CLANG_WARN_EMPTY_BODY</key>
				<string>YES</string>
				<key>CLANG_WARN_ENUM_CONVERSION</key>
				<string>YES</string>
				<key>CLANG_WARN_INT_CONVERSION</key>
				<string>YES</string>
				<key>CLANG_WARN_OBJC_ROOT_CLASS</key>
				<string>YES_ERROR</string>
				<key>CLANG_WARN__DUPLICATE_METHOD_MATCH</key>
				<string>YES</string>
				<key>CODE_SIGN_IDENTITY[sdk=iphoneos*]</key>
				<string>iPhone Developer</string>
				<key>COPY_PHASE_STRIP</key>
				<string>YES</string>
				<key>ENABLE_NS_ASSERTIONS</key>
				<string>NO</string>
				<key>GCC_C_LANGUAGE_STANDARD</key>
				<string>gnu99</string>
				<key>GCC_WARN_64_TO_32_BIT_CONVERSION</key>
				<string>YES</string>
				<key>GCC_WARN_ABOUT_RETURN_TYPE</key>
				<string>YES_ERROR</string>
				<key>GCC_WARN_UNDECLARED_SELECTOR</key>
				<string>YES</string>
				<key>GCC_WARN_UNINITIALIZED_AUTOS</key>
				<string>YES_AGGRESSIVE</string>
				<key>GCC_WARN_UNUSED_FUNCTION</key>
				<string>YES</string>
				<key>GCC_WARN_UNUSED_VARIABLE</key>
				<string>YES</string>
				<key>IPHONEOS_DEPLOYMENT_TARGET</key>
				<string>7.1</string>
				<key>SDKROOT</key>
				<string>iphoneos</string>
				<key>VALIDATE_PRODUCT</key>
				<string>YES</string>
			</dict>
			<key>isa</key>
			<string>XCBuildConfiguration</string>
			<key>name</key>
			<string>Release</string>
		</dict>
		<key>5CE2717F195B11E0007FCF44</key>
		<dict>
			<key>buildConfigurations</key>
			<array>
				<string>5CE27180195B11E0007FCF44</string>
				<string>5CE27181195B11E0007FCF44</string>
			</array>
			<key>defaultConfigurationIsVisible</key>
			<string>0</string>
			<key>defaultConfigurationName</key>
			<string>Release</string>
			<key>isa</key>
			<string>XCConfigurationList</string>
		</dict>
		<key>5CE27180195B11E0007FCF44</key>
		<dict>
			<key>baseConfigurationReference</key>
			<string>FD6D14F3EF0F1EE075363E64</string>
			<key>buildSettings</key>
			<dict>
				<key>ASSETCATALOG_COMPILER_APPICON_NAME</key>
				<string>AppIcon</string>
				<key>ASSETCATALOG_COMPILER_LAUNCHIMAGE_NAME</key>
				<string>LaunchImage</string>
				<key>FRAMEWORK_SEARCH_PATHS</key>
				<array>
					<string>$(inherited)</string>
					<string>$(PROJECT_DIR)</string>
				</array>
				<key>GCC_PRECOMPILE_PREFIX_HEADER</key>
				<string>YES</string>
				<key>GCC_PREFIX_HEADER</key>
				<string>GONMarkupParserSample/GONMarkupParserSample-Prefix.pch</string>
				<key>INFOPLIST_FILE</key>
				<string>GONMarkupParserSample/GONMarkupParserSample-Info.plist</string>
				<key>PRODUCT_NAME</key>
				<string>$(TARGET_NAME)</string>
				<key>WRAPPER_EXTENSION</key>
				<string>app</string>
			</dict>
			<key>isa</key>
			<string>XCBuildConfiguration</string>
			<key>name</key>
			<string>Debug</string>
		</dict>
		<key>5CE27181195B11E0007FCF44</key>
		<dict>
			<key>baseConfigurationReference</key>
			<string>F78DE98B74DE149CC7A5ADC1</string>
			<key>buildSettings</key>
			<dict>
				<key>ASSETCATALOG_COMPILER_APPICON_NAME</key>
				<string>AppIcon</string>
				<key>ASSETCATALOG_COMPILER_LAUNCHIMAGE_NAME</key>
				<string>LaunchImage</string>
				<key>FRAMEWORK_SEARCH_PATHS</key>
				<array>
					<string>$(inherited)</string>
					<string>$(PROJECT_DIR)</string>
				</array>
				<key>GCC_PRECOMPILE_PREFIX_HEADER</key>
				<string>YES</string>
				<key>GCC_PREFIX_HEADER</key>
				<string>GONMarkupParserSample/GONMarkupParserSample-Prefix.pch</string>
				<key>INFOPLIST_FILE</key>
				<string>GONMarkupParserSample/GONMarkupParserSample-Info.plist</string>
				<key>PRODUCT_NAME</key>
				<string>$(TARGET_NAME)</string>
				<key>WRAPPER_EXTENSION</key>
				<string>app</string>
			</dict>
			<key>isa</key>
			<string>XCBuildConfiguration</string>
			<key>name</key>
			<string>Release</string>
		</dict>
		<key>5CE27182195B11E0007FCF44</key>
		<dict>
			<key>buildConfigurations</key>
			<array>
				<string>5CE27183195B11E0007FCF44</string>
				<string>5CE27184195B11E0007FCF44</string>
			</array>
			<key>defaultConfigurationIsVisible</key>
			<string>0</string>
			<key>defaultConfigurationName</key>
			<string>Release</string>
			<key>isa</key>
			<string>XCConfigurationList</string>
		</dict>
		<key>5CE27183195B11E0007FCF44</key>
		<dict>
			<key>baseConfigurationReference</key>
			<string>FD6D14F3EF0F1EE075363E64</string>
			<key>buildSettings</key>
			<dict>
				<key>BUNDLE_LOADER</key>
				<string>$(BUILT_PRODUCTS_DIR)/GONMarkupParserSample.app/GONMarkupParserSample</string>
				<key>FRAMEWORK_SEARCH_PATHS</key>
				<array>
					<string>$(SDKROOT)/Developer/Library/Frameworks</string>
					<string>$(inherited)</string>
					<string>$(DEVELOPER_FRAMEWORKS_DIR)</string>
				</array>
				<key>GCC_PRECOMPILE_PREFIX_HEADER</key>
				<string>YES</string>
				<key>GCC_PREFIX_HEADER</key>
				<string>GONMarkupParserSample/GONMarkupParserSample-Prefix.pch</string>
				<key>GCC_PREPROCESSOR_DEFINITIONS</key>
				<array>
					<string>DEBUG=1</string>
					<string>$(inherited)</string>
				</array>
				<key>INFOPLIST_FILE</key>
				<string>GONMarkupParserSampleTests/GONMarkupParserSampleTests-Info.plist</string>
				<key>PRODUCT_NAME</key>
				<string>$(TARGET_NAME)</string>
				<key>TEST_HOST</key>
				<string>$(BUNDLE_LOADER)</string>
				<key>WRAPPER_EXTENSION</key>
				<string>xctest</string>
			</dict>
			<key>isa</key>
			<string>XCBuildConfiguration</string>
			<key>name</key>
			<string>Debug</string>
		</dict>
		<key>5CE27184195B11E0007FCF44</key>
		<dict>
			<key>baseConfigurationReference</key>
			<string>F78DE98B74DE149CC7A5ADC1</string>
			<key>buildSettings</key>
			<dict>
				<key>BUNDLE_LOADER</key>
				<string>$(BUILT_PRODUCTS_DIR)/GONMarkupParserSample.app/GONMarkupParserSample</string>
				<key>FRAMEWORK_SEARCH_PATHS</key>
				<array>
					<string>$(SDKROOT)/Developer/Library/Frameworks</string>
					<string>$(inherited)</string>
					<string>$(DEVELOPER_FRAMEWORKS_DIR)</string>
				</array>
				<key>GCC_PRECOMPILE_PREFIX_HEADER</key>
				<string>YES</string>
				<key>GCC_PREFIX_HEADER</key>
				<string>GONMarkupParserSample/GONMarkupParserSample-Prefix.pch</string>
				<key>INFOPLIST_FILE</key>
				<string>GONMarkupParserSampleTests/GONMarkupParserSampleTests-Info.plist</string>
				<key>PRODUCT_NAME</key>
				<string>$(TARGET_NAME)</string>
				<key>TEST_HOST</key>
				<string>$(BUNDLE_LOADER)</string>
				<key>WRAPPER_EXTENSION</key>
				<string>xctest</string>
			</dict>
			<key>isa</key>
			<string>XCBuildConfiguration</string>
			<key>name</key>
			<string>Release</string>
		</dict>
		<key>5CE27185195B1226007FCF44</key>
		<dict>
			<key>children</key>
			<array>
				<string>5CE1493E19CC2BBC00B73518</string>
				<string>5CE27190195B1412007FCF44</string>
				<string>5CE27191195B1412007FCF44</string>
				<string>5CD617E119828AA90001C3D9</string>
				<string>5CD617E219828AA90001C3D9</string>
				<string>5CB3106919BE023300B06D0D</string>
				<string>5CE271A1195B1437007FCF44</string>
				<string>5CE2719C195B141A007FCF44</string>
				<string>5C7C5B221994CA3A003BE47A</string>
			</array>
			<key>isa</key>
			<string>PBXGroup</string>
			<key>name</key>
			<string>Lib</string>
			<key>sourceTree</key>
			<string>&lt;group&gt;</string>
		</dict>
		<key>5CE27186195B123A007FCF44</key>
		<dict>
			<key>children</key>
			<array>
				<string>5CE2715F195B11E0007FCF44</string>
				<string>5CE27160195B11E0007FCF44</string>
				<string>5CE27188195B126A007FCF44</string>
			</array>
			<key>isa</key>
			<string>PBXGroup</string>
			<key>name</key>
			<string>Classes</string>
			<key>sourceTree</key>
			<string>&lt;group&gt;</string>
		</dict>
		<key>5CE27187195B1241007FCF44</key>
		<dict>
			<key>children</key>
			<array>
				<string>5C4241B81C89995A00E5B289</string>
				<string>5CE27168195B11E0007FCF44</string>
				<string>5CE2718A195B12E6007FCF44</string>
				<string>5C65F3F01A112231005A76A3</string>
				<string>5CB1C5A7195B3B7400590186</string>
			</array>
			<key>isa</key>
			<string>PBXGroup</string>
			<key>name</key>
			<string>Resources</string>
			<key>sourceTree</key>
			<string>&lt;group&gt;</string>
		</dict>
		<key>5CE27188195B126A007FCF44</key>
		<dict>
			<key>children</key>
			<array>
				<string>5C65F4081A11FD87005A76A3</string>
				<string>5C404BC91A1C90E0007DCB2C</string>
				<string>5C65F4001A1139B5005A76A3</string>
				<string>5CB1C581195B19C800590186</string>
				<string>5C65F3F41A112F1E005A76A3</string>
				<string>5C65F3FA1A1133E6005A76A3</string>
			</array>
			<key>isa</key>
			<string>PBXGroup</string>
			<key>name</key>
			<string>ViewControllers</string>
			<key>sourceTree</key>
			<string>&lt;group&gt;</string>
		</dict>
		<key>5CE2718A195B12E6007FCF44</key>
		<dict>
			<key>fileEncoding</key>
			<string>4</string>
			<key>isa</key>
			<string>PBXFileReference</string>
			<key>lastKnownFileType</key>
			<string>text</string>
			<key>name</key>
			<string>PodFile</string>
			<key>path</key>
			<string>../PodFile</string>
			<key>sourceTree</key>
			<string>&lt;group&gt;</string>
			<key>xcLanguageSpecificationIdentifier</key>
			<string>xcode.lang.ruby</string>
		</dict>
		<key>5CE2718C195B1412007FCF44</key>
		<dict>
			<key>fileEncoding</key>
			<string>4</string>
			<key>isa</key>
			<string>PBXFileReference</string>
			<key>lastKnownFileType</key>
			<string>sourcecode.c.h</string>
			<key>name</key>
			<string>GONMarkup.h</string>
			<key>path</key>
			<string>../Classes/GONMarkup.h</string>
			<key>sourceTree</key>
			<string>&lt;group&gt;</string>
		</dict>
		<key>5CE2718D195B1412007FCF44</key>
		<dict>
			<key>fileEncoding</key>
			<string>4</string>
			<key>isa</key>
			<string>PBXFileReference</string>
			<key>lastKnownFileType</key>
			<string>sourcecode.c.objc</string>
			<key>name</key>
			<string>GONMarkup.m</string>
			<key>path</key>
			<string>../Classes/GONMarkup.m</string>
			<key>sourceTree</key>
			<string>&lt;group&gt;</string>
		</dict>
		<key>5CE2718E195B1412007FCF44</key>
		<dict>
			<key>fileEncoding</key>
			<string>4</string>
			<key>isa</key>
			<string>PBXFileReference</string>
			<key>lastKnownFileType</key>
			<string>sourcecode.c.h</string>
			<key>name</key>
			<string>GONMarkupColor.h</string>
			<key>path</key>
			<string>../Classes/GONMarkupColor.h</string>
			<key>sourceTree</key>
			<string>&lt;group&gt;</string>
		</dict>
		<key>5CE2718F195B1412007FCF44</key>
		<dict>
			<key>fileEncoding</key>
			<string>4</string>
			<key>isa</key>
			<string>PBXFileReference</string>
			<key>lastKnownFileType</key>
			<string>sourcecode.c.objc</string>
			<key>name</key>
			<string>GONMarkupColor.m</string>
			<key>path</key>
			<string>../Classes/GONMarkupColor.m</string>
			<key>sourceTree</key>
			<string>&lt;group&gt;</string>
		</dict>
		<key>5CE27190195B1412007FCF44</key>
		<dict>
			<key>fileEncoding</key>
			<string>4</string>
			<key>isa</key>
			<string>PBXFileReference</string>
			<key>lastKnownFileType</key>
			<string>sourcecode.c.h</string>
			<key>name</key>
			<string>GONMarkupParser.h</string>
			<key>path</key>
			<string>../Classes/GONMarkupParser.h</string>
			<key>sourceTree</key>
			<string>&lt;group&gt;</string>
		</dict>
		<key>5CE27191195B1412007FCF44</key>
		<dict>
			<key>fileEncoding</key>
			<string>4</string>
			<key>isa</key>
			<string>PBXFileReference</string>
			<key>lastKnownFileType</key>
			<string>sourcecode.c.objc</string>
			<key>name</key>
			<string>GONMarkupParser.m</string>
			<key>path</key>
			<string>../Classes/GONMarkupParser.m</string>
			<key>sourceTree</key>
			<string>&lt;group&gt;</string>
		</dict>
		<key>5CE27192195B1412007FCF44</key>
		<dict>
			<key>fileEncoding</key>
			<string>4</string>
			<key>isa</key>
			<string>PBXFileReference</string>
			<key>lastKnownFileType</key>
			<string>sourcecode.c.h</string>
			<key>name</key>
			<string>GONMarkupFont.h</string>
			<key>path</key>
			<string>../Classes/GONMarkupFont.h</string>
			<key>sourceTree</key>
			<string>&lt;group&gt;</string>
		</dict>
		<key>5CE27193195B1412007FCF44</key>
		<dict>
			<key>fileEncoding</key>
			<string>4</string>
			<key>isa</key>
			<string>PBXFileReference</string>
			<key>lastKnownFileType</key>
			<string>sourcecode.c.objc</string>
			<key>name</key>
			<string>GONMarkupFont.m</string>
			<key>path</key>
			<string>../Classes/GONMarkupFont.m</string>
			<key>sourceTree</key>
			<string>&lt;group&gt;</string>
		</dict>
		<key>5CE27194195B1412007FCF44</key>
		<dict>
			<key>fileRef</key>
			<string>5CE2718D195B1412007FCF44</string>
			<key>isa</key>
			<string>PBXBuildFile</string>
		</dict>
		<key>5CE27195195B1412007FCF44</key>
		<dict>
			<key>fileRef</key>
			<string>5CE2718D195B1412007FCF44</string>
			<key>isa</key>
			<string>PBXBuildFile</string>
		</dict>
		<key>5CE27196195B1412007FCF44</key>
		<dict>
			<key>fileRef</key>
			<string>5CE2718F195B1412007FCF44</string>
			<key>isa</key>
			<string>PBXBuildFile</string>
		</dict>
		<key>5CE27197195B1412007FCF44</key>
		<dict>
			<key>fileRef</key>
			<string>5CE2718F195B1412007FCF44</string>
			<key>isa</key>
			<string>PBXBuildFile</string>
		</dict>
		<key>5CE27198195B1412007FCF44</key>
		<dict>
			<key>fileRef</key>
			<string>5CE27191195B1412007FCF44</string>
			<key>isa</key>
			<string>PBXBuildFile</string>
		</dict>
		<key>5CE27199195B1412007FCF44</key>
		<dict>
			<key>fileRef</key>
			<string>5CE27191195B1412007FCF44</string>
			<key>isa</key>
			<string>PBXBuildFile</string>
		</dict>
		<key>5CE2719A195B1412007FCF44</key>
		<dict>
			<key>fileRef</key>
			<string>5CE27193195B1412007FCF44</string>
			<key>isa</key>
			<string>PBXBuildFile</string>
		</dict>
		<key>5CE2719B195B1412007FCF44</key>
		<dict>
			<key>fileRef</key>
			<string>5CE27193195B1412007FCF44</string>
			<key>isa</key>
			<string>PBXBuildFile</string>
		</dict>
		<key>5CE2719C195B141A007FCF44</key>
		<dict>
			<key>children</key>
			<array>
				<string>5CE2718C195B1412007FCF44</string>
				<string>5CE2718D195B1412007FCF44</string>
				<string>5CB1C5A6195B333B00590186</string>
			</array>
			<key>isa</key>
			<string>PBXGroup</string>
			<key>name</key>
			<string>Markup</string>
			<key>sourceTree</key>
			<string>&lt;group&gt;</string>
		</dict>
		<key>5CE271A1195B1437007FCF44</key>
		<dict>
			<key>children</key>
			<array>
				<string>5CB1C582195B1A0100590186</string>
				<string>5CC43CD2197E613800E46A03</string>
				<string>5C43EE461A8251510053A667</string>
				<string>5CB1C58B195B24DB00590186</string>
				<string>5CB1C583195B1A3100590186</string>
				<string>5CB1C584195B1A3500590186</string>
				<string>5CB1C5AA195B4F8900590186</string>
				<string>5C4241B41C8997F500E5B289</string>
				<string>5CC284B41979746D0009D443</string>
				<string>5CB1C599195B25A400590186</string>
				<string>5C65F3DF1A111468005A76A3</string>
				<string>5CD617E419828AF50001C3D9</string>
			</array>
			<key>isa</key>
			<string>PBXGroup</string>
			<key>name</key>
			<string>DefaultMarkup</string>
			<key>sourceTree</key>
			<string>&lt;group&gt;</string>
		</dict>
		<key>6C6DD8957B134FA9B1AE1824</key>
		<dict>
			<key>fileRef</key>
			<string>17B85795BD5D4A4195265653</string>
			<key>isa</key>
			<string>PBXBuildFile</string>
		</dict>
		<key>76B316C8E587F0981B66B953</key>
		<dict>
			<key>buildActionMask</key>
			<string>2147483647</string>
			<key>files</key>
			<array/>
			<key>inputPaths</key>
			<array/>
			<key>isa</key>
			<string>PBXShellScriptBuildPhase</string>
			<key>name</key>
			<string>Embed Pods Frameworks</string>
			<key>outputPaths</key>
			<array/>
			<key>runOnlyForDeploymentPostprocessing</key>
			<string>0</string>
			<key>shellPath</key>
			<string>/bin/sh</string>
			<key>shellScript</key>
			<string>"${SRCROOT}/Pods/Target Support Files/Pods/Pods-frameworks.sh"
</string>
			<key>showEnvVarsInLog</key>
			<string>0</string>
		</dict>
		<key>9ED8BC75C581B1C9016D9AE7</key>
		<dict>
			<key>children</key>
			<array>
				<string>FD6D14F3EF0F1EE075363E64</string>
				<string>F78DE98B74DE149CC7A5ADC1</string>
			</array>
			<key>isa</key>
			<string>PBXGroup</string>
			<key>name</key>
			<string>Pods</string>
			<key>sourceTree</key>
			<string>&lt;group&gt;</string>
		</dict>
		<key>A00223591121399D271132D1</key>
		<dict>
			<key>buildActionMask</key>
			<string>2147483647</string>
			<key>files</key>
			<array/>
			<key>inputPaths</key>
			<array/>
			<key>isa</key>
			<string>PBXShellScriptBuildPhase</string>
			<key>name</key>
			<string>Check Pods Manifest.lock</string>
			<key>outputPaths</key>
			<array/>
			<key>runOnlyForDeploymentPostprocessing</key>
			<string>0</string>
			<key>shellPath</key>
			<string>/bin/sh</string>
			<key>shellScript</key>
			<string>diff "${PODS_ROOT}/../Podfile.lock" "${PODS_ROOT}/Manifest.lock" &gt; /dev/null
if [[ $? != 0 ]] ; then
    cat &lt;&lt; EOM
error: The sandbox is not in sync with the Podfile.lock. Run 'pod install' or update your CocoaPods installation.
EOM
    exit 1
fi
</string>
			<key>showEnvVarsInLog</key>
			<string>0</string>
		</dict>
		<key>AD657A810CFC90EF7829443F</key>
		<dict>
			<key>fileRef</key>
			<string>17B85795BD5D4A4195265653</string>
			<key>isa</key>
			<string>PBXBuildFile</string>
		</dict>
		<key>AF75F26F4574437294323C3C</key>
		<dict>
			<key>buildActionMask</key>
			<string>2147483647</string>
			<key>files</key>
			<array/>
			<key>inputPaths</key>
			<array/>
			<key>isa</key>
			<string>PBXShellScriptBuildPhase</string>
			<key>name</key>
			<string>Copy Pods Resources</string>
			<key>outputPaths</key>
			<array/>
			<key>runOnlyForDeploymentPostprocessing</key>
			<string>0</string>
			<key>shellPath</key>
			<string>/bin/sh</string>
			<key>shellScript</key>
			<string>"${SRCROOT}/Pods/Target Support Files/Pods/Pods-resources.sh"
</string>
			<key>showEnvVarsInLog</key>
			<string>0</string>
		</dict>
		<key>CA98D5286576877426AD6D21</key>
		<dict>
			<key>buildActionMask</key>
			<string>2147483647</string>
			<key>files</key>
			<array/>
			<key>inputPaths</key>
			<array/>
			<key>isa</key>
			<string>PBXShellScriptBuildPhase</string>
			<key>name</key>
			<string>Embed Pods Frameworks</string>
			<key>outputPaths</key>
			<array/>
			<key>runOnlyForDeploymentPostprocessing</key>
			<string>0</string>
			<key>shellPath</key>
			<string>/bin/sh</string>
			<key>shellScript</key>
			<string>"${SRCROOT}/Pods/Target Support Files/Pods/Pods-frameworks.sh"
</string>
			<key>showEnvVarsInLog</key>
			<string>0</string>
		</dict>
		<key>EC3DF1B1D208418697196C2B</key>
		<dict>
			<key>buildActionMask</key>
			<string>2147483647</string>
			<key>files</key>
			<array/>
			<key>inputPaths</key>
			<array/>
			<key>isa</key>
			<string>PBXShellScriptBuildPhase</string>
			<key>name</key>
			<string>Check Pods Manifest.lock</string>
			<key>outputPaths</key>
			<array/>
			<key>runOnlyForDeploymentPostprocessing</key>
			<string>0</string>
			<key>shellPath</key>
			<string>/bin/sh</string>
			<key>shellScript</key>
			<string>diff "${PODS_ROOT}/../Podfile.lock" "${PODS_ROOT}/Manifest.lock" &gt; /dev/null
if [[ $? != 0 ]] ; then
    cat &lt;&lt; EOM
error: The sandbox is not in sync with the Podfile.lock. Run 'pod install' or update your CocoaPods installation.
EOM
    exit 1
fi
</string>
			<key>showEnvVarsInLog</key>
			<string>0</string>
		</dict>
		<key>F78DE98B74DE149CC7A5ADC1</key>
		<dict>
			<key>includeInIndex</key>
			<string>1</string>
			<key>isa</key>
			<string>PBXFileReference</string>
			<key>lastKnownFileType</key>
			<string>text.xcconfig</string>
			<key>name</key>
			<string>Pods.release.xcconfig</string>
			<key>path</key>
			<string>Pods/Target Support Files/Pods/Pods.release.xcconfig</string>
			<key>sourceTree</key>
			<string>&lt;group&gt;</string>
		</dict>
		<key>FD6D14F3EF0F1EE075363E64</key>
		<dict>
			<key>includeInIndex</key>
			<string>1</string>
			<key>isa</key>
			<string>PBXFileReference</string>
			<key>lastKnownFileType</key>
			<string>text.xcconfig</string>
			<key>name</key>
			<string>Pods.debug.xcconfig</string>
			<key>path</key>
			<string>Pods/Target Support Files/Pods/Pods.debug.xcconfig</string>
			<key>sourceTree</key>
			<string>&lt;group&gt;</string>
		</dict>
	</dict>
	<key>rootObject</key>
	<string>5CE27145195B11E0007FCF44</string>
</dict>
</plist>
